// !$*UTF8*$!
{
	archiveVersion = 1;
	classes = {
	};
	objectVersion = 42;
	objects = {

/* Begin PBXApplicationTarget section */
		29B97326FDCFA39411CA2CEA /* Hero Of Allacrost */ = {
			isa = PBXApplicationTarget;
			buildConfigurationList = 911C0CD2094E8A7300EF50E1 /* Build configuration list for PBXApplicationTarget "Hero Of Allacrost" */;
			buildPhases = (
				29B97327FDCFA39411CA2CEA /* Headers */,
				29B97328FDCFA39411CA2CEA /* Resources */,
				29B9732BFDCFA39411CA2CEA /* Sources */,
				29B9732DFDCFA39411CA2CEA /* Frameworks */,
			);
			buildSettings = {
				FRAMEWORK_SEARCH_PATHS = "\"/Library/Frameworks\"";
				HEADER_SEARCH_PATHS = "\"/Library/Frameworks/SDL.framework/Headers\"";
				INSTALL_PATH = "$(HOME)/Applications";
				LIBRARY_SEARCH_PATHS = "";
				OTHER_LDFLAGS = (
					"-framework",
					SDL,
				);
				PRODUCT_NAME = "Hero Of Allacrost";
				SECTORDER_FLAGS = "";
				WARNING_CFLAGS = (
					"-Wmost",
					"-Wno-four-char-constants",
					"-Wno-unknown-pragmas",
				);
				WRAPPER_EXTENSION = app;
			};
			dependencies = (
			);
			name = "Hero Of Allacrost";
			productInstallPath = "$(HOME)/Applications";
			productName = "Hero Of Allacrost";
			productReference = 17587328FF379C6511CA2CBB /* Hero Of Allacrost.app */;
			productSettingsXML = "<?xml version=\"1.0\" encoding=\"UTF-8\"?>
<!DOCTYPE plist PUBLIC \"-//Apple Computer//DTD PLIST 1.0//EN\" \"http://www.apple.com/DTDs/PropertyList-1.0.dtd\">
<plist version=\"1.0\">
<dict>
	<key>CFBundleDevelopmentRegion</key>
	<string>English</string>
	<key>CFBundleExecutable</key>
	<string>Hero Of Allacrost</string>
	<key>CFBundleIconFile</key>
	<string></string>
	<key>CFBundleInfoDictionaryVersion</key>
	<string>6.0</string>
	<key>CFBundlePackageType</key>
	<string>APPL</string>
	<key>CFBundleSignature</key>
	<string>????</string>
	<key>CFBundleVersion</key>
	<string>0.1</string>
	<key>NSMainNibFile</key>
	<string>MainMenu</string>
	<key>NSPrincipalClass</key>
	<string>NSApplication</string>
</dict>
</plist>
";
		};
/* End PBXApplicationTarget section */

/* Begin PBXBuildFile section */
		1058C7A3FEA54F0111CA2CBB /* Cocoa.framework in Frameworks */ = {isa = PBXBuildFile; fileRef = 1058C7A1FEA54F0111CA2CBB /* Cocoa.framework */; };
		911C0D69094E8B2A00EF50E1 /* SDL_mixer.framework in Frameworks */ = {isa = PBXBuildFile; fileRef = 911C0D66094E8B2A00EF50E1 /* SDL_mixer.framework */; };
		911C0D6A094E8B2A00EF50E1 /* SDL_ttf.framework in Frameworks */ = {isa = PBXBuildFile; fileRef = 911C0D67094E8B2A00EF50E1 /* SDL_ttf.framework */; };
		911C0D6B094E8B2A00EF50E1 /* SDL.framework in Frameworks */ = {isa = PBXBuildFile; fileRef = 911C0D68094E8B2A00EF50E1 /* SDL.framework */; };
		911C0D75094E8B6400EF50E1 /* libIL.dylib in Frameworks */ = {isa = PBXBuildFile; fileRef = 911C0D72094E8B6400EF50E1 /* libIL.dylib */; };
		911C0D76094E8B6400EF50E1 /* libILU.dylib in Frameworks */ = {isa = PBXBuildFile; fileRef = 911C0D73094E8B6400EF50E1 /* libILU.dylib */; };
		911C0D77094E8B6400EF50E1 /* libILUT.dylib in Frameworks */ = {isa = PBXBuildFile; fileRef = 911C0D74094E8B6400EF50E1 /* libILUT.dylib */; };
		911C0D79094E8B8A00EF50E1 /* OpenGL.framework in Frameworks */ = {isa = PBXBuildFile; fileRef = 911C0D78094E8B8A00EF50E1 /* OpenGL.framework */; };
		911C0DB7094E8C5500EF50E1 /* liblua.a in Frameworks */ = {isa = PBXBuildFile; fileRef = 911C0DB6094E8C5500EF50E1 /* liblua.a */; };
		911C0DB9094E8C7500EF50E1 /* liblualib.a in Frameworks */ = {isa = PBXBuildFile; fileRef = 911C0DB8094E8C7500EF50E1 /* liblualib.a */; };
		911C0DBD094E8CBA00EF50E1 /* lauxlib.h in Headers */ = {isa = PBXBuildFile; fileRef = 911C0DBA094E8CBA00EF50E1 /* lauxlib.h */; };
		911C0DBE094E8CBA00EF50E1 /* lua.h in Headers */ = {isa = PBXBuildFile; fileRef = 911C0DBB094E8CBA00EF50E1 /* lua.h */; };
		911C0DBF094E8CBA00EF50E1 /* lualib.h in Headers */ = {isa = PBXBuildFile; fileRef = 911C0DBC094E8CBA00EF50E1 /* lualib.h */; };
		91AA65330985E6E10075C53E /* libpng12.a in Frameworks */ = {isa = PBXBuildFile; fileRef = 91AA65320985E6E10075C53E /* libpng12.a */; };
		91E9E21009F2E77B0015EE2A /* defs.h in Headers */ = {isa = PBXBuildFile; fileRef = 91E9E1B209F2E77B0015EE2A /* defs.h */; };
		91E9E21A09F2E77B0015EE2A /* audio.cpp in Sources */ = {isa = PBXBuildFile; fileRef = 91E9E1BF09F2E77B0015EE2A /* audio.cpp */; };
		91E9E21B09F2E77B0015EE2A /* audio.h in Headers */ = {isa = PBXBuildFile; fileRef = 91E9E1C009F2E77B0015EE2A /* audio.h */; };
		91E9E21C09F2E77B0015EE2A /* audio_music.cpp in Sources */ = {isa = PBXBuildFile; fileRef = 91E9E1C109F2E77B0015EE2A /* audio_music.cpp */; };
		91E9E21D09F2E77B0015EE2A /* audio_music.h in Headers */ = {isa = PBXBuildFile; fileRef = 91E9E1C209F2E77B0015EE2A /* audio_music.h */; };
		91E9E21E09F2E77B0015EE2A /* audio_sound.cpp in Sources */ = {isa = PBXBuildFile; fileRef = 91E9E1C309F2E77B0015EE2A /* audio_sound.cpp */; };
		91E9E21F09F2E77B0015EE2A /* audio_sound.h in Headers */ = {isa = PBXBuildFile; fileRef = 91E9E1C409F2E77B0015EE2A /* audio_sound.h */; };
		91E9E22009F2E77B0015EE2A /* data.cpp in Sources */ = {isa = PBXBuildFile; fileRef = 91E9E1C509F2E77B0015EE2A /* data.cpp */; };
		91E9E22109F2E77B0015EE2A /* data.h in Headers */ = {isa = PBXBuildFile; fileRef = 91E9E1C609F2E77B0015EE2A /* data.h */; };
		91E9E22209F2E77B0015EE2A /* data_bind.h in Headers */ = {isa = PBXBuildFile; fileRef = 91E9E1C709F2E77B0015EE2A /* data_bind.h */; };
		91E9E22309F2E77B0015EE2A /* global.cpp in Sources */ = {isa = PBXBuildFile; fileRef = 91E9E1C809F2E77B0015EE2A /* global.cpp */; };
		91E9E22409F2E77B0015EE2A /* global.h in Headers */ = {isa = PBXBuildFile; fileRef = 91E9E1C909F2E77B0015EE2A /* global.h */; };
		91E9E22509F2E77B0015EE2A /* color.h in Headers */ = {isa = PBXBuildFile; fileRef = 91E9E1CB09F2E77B0015EE2A /* color.h */; };
		91E9E22609F2E77B0015EE2A /* context.h in Headers */ = {isa = PBXBuildFile; fileRef = 91E9E1CC09F2E77B0015EE2A /* context.h */; };
		91E9E22709F2E77B0015EE2A /* coord_sys.h in Headers */ = {isa = PBXBuildFile; fileRef = 91E9E1CD09F2E77B0015EE2A /* coord_sys.h */; };
		91E9E22809F2E77B0015EE2A /* draw.cpp in Sources */ = {isa = PBXBuildFile; fileRef = 91E9E1CE09F2E77B0015EE2A /* draw.cpp */; };
		91E9E22909F2E77B0015EE2A /* effects.cpp in Sources */ = {isa = PBXBuildFile; fileRef = 91E9E1CF09F2E77B0015EE2A /* effects.cpp */; };
		91E9E22A09F2E77B0015EE2A /* fade.cpp in Sources */ = {isa = PBXBuildFile; fileRef = 91E9E1D009F2E77B0015EE2A /* fade.cpp */; };
		91E9E22B09F2E77B0015EE2A /* fade.h in Headers */ = {isa = PBXBuildFile; fileRef = 91E9E1D109F2E77B0015EE2A /* fade.h */; };
		91E9E22C09F2E77B0015EE2A /* gui.cpp in Sources */ = {isa = PBXBuildFile; fileRef = 91E9E1D209F2E77B0015EE2A /* gui.cpp */; };
		91E9E22D09F2E77B0015EE2A /* gui.h in Headers */ = {isa = PBXBuildFile; fileRef = 91E9E1D309F2E77B0015EE2A /* gui.h */; };
		91E9E22E09F2E77B0015EE2A /* image.cpp in Sources */ = {isa = PBXBuildFile; fileRef = 91E9E1D409F2E77B0015EE2A /* image.cpp */; };
		91E9E22F09F2E77B0015EE2A /* image.h in Headers */ = {isa = PBXBuildFile; fileRef = 91E9E1D509F2E77B0015EE2A /* image.h */; };
		91E9E23009F2E77B0015EE2A /* interpolator.cpp in Sources */ = {isa = PBXBuildFile; fileRef = 91E9E1D609F2E77B0015EE2A /* interpolator.cpp */; };
		91E9E23109F2E77B0015EE2A /* interpolator.h in Headers */ = {isa = PBXBuildFile; fileRef = 91E9E1D709F2E77B0015EE2A /* interpolator.h */; };
		91E9E23209F2E77B0015EE2A /* menu_window.cpp in Sources */ = {isa = PBXBuildFile; fileRef = 91E9E1D809F2E77B0015EE2A /* menu_window.cpp */; };
		91E9E23309F2E77B0015EE2A /* menu_window.h in Headers */ = {isa = PBXBuildFile; fileRef = 91E9E1D909F2E77B0015EE2A /* menu_window.h */; };
		91E9E23409F2E77B0015EE2A /* option.cpp in Sources */ = {isa = PBXBuildFile; fileRef = 91E9E1DA09F2E77B0015EE2A /* option.cpp */; };
		91E9E23509F2E77B0015EE2A /* option.h in Headers */ = {isa = PBXBuildFile; fileRef = 91E9E1DB09F2E77B0015EE2A /* option.h */; };
		91E9E23609F2E77B0015EE2A /* particle.h in Headers */ = {isa = PBXBuildFile; fileRef = 91E9E1DC09F2E77B0015EE2A /* particle.h */; };
		91E9E23709F2E77B0015EE2A /* particle_effect.cpp in Sources */ = {isa = PBXBuildFile; fileRef = 91E9E1DD09F2E77B0015EE2A /* particle_effect.cpp */; };
		91E9E23809F2E77B0015EE2A /* particle_effect.h in Headers */ = {isa = PBXBuildFile; fileRef = 91E9E1DE09F2E77B0015EE2A /* particle_effect.h */; };
		91E9E23909F2E77B0015EE2A /* particle_emitter.h in Headers */ = {isa = PBXBuildFile; fileRef = 91E9E1DF09F2E77B0015EE2A /* particle_emitter.h */; };
		91E9E23A09F2E77B0015EE2A /* particle_keyframe.h in Headers */ = {isa = PBXBuildFile; fileRef = 91E9E1E009F2E77B0015EE2A /* particle_keyframe.h */; };
		91E9E23B09F2E77B0015EE2A /* particle_manager.cpp in Sources */ = {isa = PBXBuildFile; fileRef = 91E9E1E109F2E77B0015EE2A /* particle_manager.cpp */; };
		91E9E23C09F2E77B0015EE2A /* particle_manager.h in Headers */ = {isa = PBXBuildFile; fileRef = 91E9E1E209F2E77B0015EE2A /* particle_manager.h */; };
		91E9E23D09F2E77B0015EE2A /* particle_system.cpp in Sources */ = {isa = PBXBuildFile; fileRef = 91E9E1E309F2E77B0015EE2A /* particle_system.cpp */; };
		91E9E23E09F2E77B0015EE2A /* particle_system.h in Headers */ = {isa = PBXBuildFile; fileRef = 91E9E1E409F2E77B0015EE2A /* particle_system.h */; };
		91E9E23F09F2E77B0015EE2A /* screen_rect.h in Headers */ = {isa = PBXBuildFile; fileRef = 91E9E1E509F2E77B0015EE2A /* screen_rect.h */; };
		91E9E24009F2E77B0015EE2A /* shake.cpp in Sources */ = {isa = PBXBuildFile; fileRef = 91E9E1E609F2E77B0015EE2A /* shake.cpp */; };
		91E9E24109F2E77B0015EE2A /* shake.h in Headers */ = {isa = PBXBuildFile; fileRef = 91E9E1E709F2E77B0015EE2A /* shake.h */; };
		91E9E24209F2E77B0015EE2A /* tex_mgmt.cpp in Sources */ = {isa = PBXBuildFile; fileRef = 91E9E1E809F2E77B0015EE2A /* tex_mgmt.cpp */; };
		91E9E24309F2E77B0015EE2A /* tex_mgmt.h in Headers */ = {isa = PBXBuildFile; fileRef = 91E9E1E909F2E77B0015EE2A /* tex_mgmt.h */; };
		91E9E24409F2E77B0015EE2A /* text.cpp in Sources */ = {isa = PBXBuildFile; fileRef = 91E9E1EA09F2E77B0015EE2A /* text.cpp */; };
		91E9E24509F2E77B0015EE2A /* text.h in Headers */ = {isa = PBXBuildFile; fileRef = 91E9E1EB09F2E77B0015EE2A /* text.h */; };
		91E9E24609F2E77B0015EE2A /* textbox.cpp in Sources */ = {isa = PBXBuildFile; fileRef = 91E9E1EC09F2E77B0015EE2A /* textbox.cpp */; };
		91E9E24709F2E77B0015EE2A /* textbox.h in Headers */ = {isa = PBXBuildFile; fileRef = 91E9E1ED09F2E77B0015EE2A /* textbox.h */; };
		91E9E24809F2E77B0015EE2A /* video.cpp in Sources */ = {isa = PBXBuildFile; fileRef = 91E9E1EE09F2E77B0015EE2A /* video.cpp */; };
		91E9E24909F2E77B0015EE2A /* video.h in Headers */ = {isa = PBXBuildFile; fileRef = 91E9E1EF09F2E77B0015EE2A /* video.h */; };
		91E9E24A09F2E77B0015EE2A /* main.cpp in Sources */ = {isa = PBXBuildFile; fileRef = 91E9E1F009F2E77B0015EE2A /* main.cpp */; };
		91E9E24B09F2E77B0015EE2A /* battle.cpp in Sources */ = {isa = PBXBuildFile; fileRef = 91E9E1F309F2E77B0015EE2A /* battle.cpp */; };
		91E9E24C09F2E77B0015EE2A /* battle.h in Headers */ = {isa = PBXBuildFile; fileRef = 91E9E1F409F2E77B0015EE2A /* battle.h */; };
		91E9E24D09F2E77B0015EE2A /* boot.cpp in Sources */ = {isa = PBXBuildFile; fileRef = 91E9E1F609F2E77B0015EE2A /* boot.cpp */; };
		91E9E24E09F2E77B0015EE2A /* boot.h in Headers */ = {isa = PBXBuildFile; fileRef = 91E9E1F709F2E77B0015EE2A /* boot.h */; };
		91E9E24F09F2E77B0015EE2A /* boot_menu.cpp in Sources */ = {isa = PBXBuildFile; fileRef = 91E9E1F809F2E77B0015EE2A /* boot_menu.cpp */; };
		91E9E25009F2E77B0015EE2A /* boot_menu.h in Headers */ = {isa = PBXBuildFile; fileRef = 91E9E1F909F2E77B0015EE2A /* boot_menu.h */; };
		91E9E25109F2E77B0015EE2A /* map.cpp in Sources */ = {isa = PBXBuildFile; fileRef = 91E9E1FB09F2E77B0015EE2A /* map.cpp */; };
		91E9E25209F2E77B0015EE2A /* map.h in Headers */ = {isa = PBXBuildFile; fileRef = 91E9E1FC09F2E77B0015EE2A /* map.h */; };
		91E9E25309F2E77B0015EE2A /* map_actions.cpp in Sources */ = {isa = PBXBuildFile; fileRef = 91E9E1FD09F2E77B0015EE2A /* map_actions.cpp */; };
		91E9E25409F2E77B0015EE2A /* map_actions.h in Headers */ = {isa = PBXBuildFile; fileRef = 91E9E1FE09F2E77B0015EE2A /* map_actions.h */; };
		91E9E25509F2E77B0015EE2A /* map_dialogue.cpp in Sources */ = {isa = PBXBuildFile; fileRef = 91E9E1FF09F2E77B0015EE2A /* map_dialogue.cpp */; };
		91E9E25609F2E77B0015EE2A /* map_dialogue.h in Headers */ = {isa = PBXBuildFile; fileRef = 91E9E20009F2E77B0015EE2A /* map_dialogue.h */; };
		91E9E25709F2E77B0015EE2A /* map_objects.cpp in Sources */ = {isa = PBXBuildFile; fileRef = 91E9E20109F2E77B0015EE2A /* map_objects.cpp */; };
		91E9E25809F2E77B0015EE2A /* map_objects.h in Headers */ = {isa = PBXBuildFile; fileRef = 91E9E20209F2E77B0015EE2A /* map_objects.h */; };
		91E9E25909F2E77B0015EE2A /* menu.cpp in Sources */ = {isa = PBXBuildFile; fileRef = 91E9E20409F2E77B0015EE2A /* menu.cpp */; };
		91E9E25A09F2E77B0015EE2A /* menu.h in Headers */ = {isa = PBXBuildFile; fileRef = 91E9E20509F2E77B0015EE2A /* menu.h */; };
		91E9E25B09F2E77B0015EE2A /* menu_views.cpp in Sources */ = {isa = PBXBuildFile; fileRef = 91E9E20609F2E77B0015EE2A /* menu_views.cpp */; };
		91E9E25C09F2E77B0015EE2A /* menu_views.h in Headers */ = {isa = PBXBuildFile; fileRef = 91E9E20709F2E77B0015EE2A /* menu_views.h */; };
		91E9E25D09F2E77B0015EE2A /* pause.cpp in Sources */ = {isa = PBXBuildFile; fileRef = 91E9E20809F2E77B0015EE2A /* pause.cpp */; };
		91E9E25E09F2E77B0015EE2A /* pause.h in Headers */ = {isa = PBXBuildFile; fileRef = 91E9E20909F2E77B0015EE2A /* pause.h */; };
		91E9E25F09F2E77B0015EE2A /* quit.cpp in Sources */ = {isa = PBXBuildFile; fileRef = 91E9E20A09F2E77B0015EE2A /* quit.cpp */; };
		91E9E26009F2E77B0015EE2A /* quit.h in Headers */ = {isa = PBXBuildFile; fileRef = 91E9E20B09F2E77B0015EE2A /* quit.h */; };
		91E9E26109F2E77B0015EE2A /* scene.cpp in Sources */ = {isa = PBXBuildFile; fileRef = 91E9E20C09F2E77B0015EE2A /* scene.cpp */; };
		91E9E26209F2E77B0015EE2A /* scene.h in Headers */ = {isa = PBXBuildFile; fileRef = 91E9E20D09F2E77B0015EE2A /* scene.h */; };
		91E9E26309F2E77B0015EE2A /* utils.cpp in Sources */ = {isa = PBXBuildFile; fileRef = 91E9E20E09F2E77B0015EE2A /* utils.cpp */; };
		91E9E26409F2E77B0015EE2A /* utils.h in Headers */ = {isa = PBXBuildFile; fileRef = 91E9E20F09F2E77B0015EE2A /* utils.h */; };
		91E9E38B09F32F720015EE2A /* input.cpp in Sources */ = {isa = PBXBuildFile; fileRef = 91E9E38509F32F720015EE2A /* input.cpp */; };
		91E9E38C09F32F720015EE2A /* input.h in Headers */ = {isa = PBXBuildFile; fileRef = 91E9E38609F32F720015EE2A /* input.h */; };
		91E9E38D09F32F720015EE2A /* mode_manager.cpp in Sources */ = {isa = PBXBuildFile; fileRef = 91E9E38709F32F720015EE2A /* mode_manager.cpp */; };
		91E9E38E09F32F720015EE2A /* mode_manager.h in Headers */ = {isa = PBXBuildFile; fileRef = 91E9E38809F32F720015EE2A /* mode_manager.h */; };
		91E9E38F09F32F720015EE2A /* settings.cpp in Sources */ = {isa = PBXBuildFile; fileRef = 91E9E38909F32F720015EE2A /* settings.cpp */; };
		91E9E39009F32F720015EE2A /* settings.h in Headers */ = {isa = PBXBuildFile; fileRef = 91E9E38A09F32F720015EE2A /* settings.h */; };
		91F031CD097A06690034295F /* OpenAL.framework in Frameworks */ = {isa = PBXBuildFile; fileRef = 91F031CC097A06690034295F /* OpenAL.framework */; };
		91F031E7097A07C80034295F /* libvorbis.a in Frameworks */ = {isa = PBXBuildFile; fileRef = 91F031E6097A07C80034295F /* libvorbis.a */; };
		91F031E9097A07DC0034295F /* libogg.a in Frameworks */ = {isa = PBXBuildFile; fileRef = 91F031E8097A07DC0034295F /* libogg.a */; };
		91F031EB097A08260034295F /* libvorbisfile.a in Frameworks */ = {isa = PBXBuildFile; fileRef = 91F031EA097A08260034295F /* libvorbisfile.a */; };
		91F031F4097A087A0034295F /* libvorbisenc.a in Frameworks */ = {isa = PBXBuildFile; fileRef = 91F031F3097A087A0034295F /* libvorbisenc.a */; };
		F5A47AA101A0483001D3D55B /* SDLMain.h in Headers */ = {isa = PBXBuildFile; fileRef = F5A47A9D01A0482F01D3D55B /* SDLMain.h */; };
		F5A47AA301A0483001D3D55B /* SDLMain.m in Sources */ = {isa = PBXBuildFile; fileRef = F5A47A9E01A0483001D3D55B /* SDLMain.m */; };
/* End PBXBuildFile section */

/* Begin PBXBuildStyle section */
		4A9504CCFFE6A4B311CA0CBA /* Development */ = {
			isa = PBXBuildStyle;
			buildSettings = {
				COPY_PHASE_STRIP = NO;
				GCC_DYNAMIC_NO_PIC = NO;
				GCC_ENABLE_FIX_AND_CONTINUE = YES;
				GCC_GENERATE_DEBUGGING_SYMBOLS = YES;
				GCC_OPTIMIZATION_LEVEL = 0;
				OPTIMIZATION_CFLAGS = "-O0";
				ZERO_LINK = YES;
			};
			name = Development;
		};
		4A9504CDFFE6A4B311CA0CBA /* Deployment */ = {
			isa = PBXBuildStyle;
			buildSettings = {
				COPY_PHASE_STRIP = YES;
				GCC_ENABLE_FIX_AND_CONTINUE = NO;
				ZERO_LINK = NO;
			};
			name = Deployment;
		};
/* End PBXBuildStyle section */

/* Begin PBXFileReference section */
		1058C7A1FEA54F0111CA2CBB /* Cocoa.framework */ = {isa = PBXFileReference; lastKnownFileType = wrapper.framework; name = Cocoa.framework; path = /System/Library/Frameworks/Cocoa.framework; sourceTree = "<absolute>"; };
		17587328FF379C6511CA2CBB /* Hero Of Allacrost.app */ = {isa = PBXFileReference; explicitFileType = wrapper.application; path = "Hero Of Allacrost.app"; sourceTree = BUILT_PRODUCTS_DIR; };
		29B97324FDCFA39411CA2CEA /* AppKit.framework */ = {isa = PBXFileReference; lastKnownFileType = wrapper.framework; name = AppKit.framework; path = /System/Library/Frameworks/AppKit.framework; sourceTree = "<absolute>"; };
		29B97325FDCFA39411CA2CEA /* Foundation.framework */ = {isa = PBXFileReference; lastKnownFileType = wrapper.framework; name = Foundation.framework; path = /System/Library/Frameworks/Foundation.framework; sourceTree = "<absolute>"; };
		911C0D66094E8B2A00EF50E1 /* SDL_mixer.framework */ = {isa = PBXFileReference; lastKnownFileType = wrapper.framework; name = SDL_mixer.framework; path = /System/Library/Frameworks/SDL_mixer.framework; sourceTree = "<absolute>"; };
		911C0D67094E8B2A00EF50E1 /* SDL_ttf.framework */ = {isa = PBXFileReference; lastKnownFileType = wrapper.framework; name = SDL_ttf.framework; path = /System/Library/Frameworks/SDL_ttf.framework; sourceTree = "<absolute>"; };
		911C0D68094E8B2A00EF50E1 /* SDL.framework */ = {isa = PBXFileReference; lastKnownFileType = wrapper.framework; name = SDL.framework; path = /System/Library/Frameworks/SDL.framework; sourceTree = "<absolute>"; };
		911C0D72094E8B6400EF50E1 /* libIL.dylib */ = {isa = PBXFileReference; lastKnownFileType = "compiled.mach-o.dylib"; name = libIL.dylib; path = /usr/local/lib/libIL.dylib; sourceTree = "<absolute>"; };
		911C0D73094E8B6400EF50E1 /* libILU.dylib */ = {isa = PBXFileReference; lastKnownFileType = "compiled.mach-o.dylib"; name = libILU.dylib; path = /usr/local/lib/libILU.dylib; sourceTree = "<absolute>"; };
		911C0D74094E8B6400EF50E1 /* libILUT.dylib */ = {isa = PBXFileReference; lastKnownFileType = "compiled.mach-o.dylib"; name = libILUT.dylib; path = /usr/local/lib/libILUT.dylib; sourceTree = "<absolute>"; };
		911C0D78094E8B8A00EF50E1 /* OpenGL.framework */ = {isa = PBXFileReference; lastKnownFileType = wrapper.framework; name = OpenGL.framework; path = /System/Library/Frameworks/OpenGL.framework; sourceTree = "<absolute>"; };
		911C0DB6094E8C5500EF50E1 /* liblua.a */ = {isa = PBXFileReference; lastKnownFileType = archive.ar; name = liblua.a; path = /opt/local/lib/liblua.a; sourceTree = "<absolute>"; };
		911C0DB8094E8C7500EF50E1 /* liblualib.a */ = {isa = PBXFileReference; lastKnownFileType = archive.ar; name = liblualib.a; path = /opt/local/lib/liblualib.a; sourceTree = "<absolute>"; };
		911C0DBA094E8CBA00EF50E1 /* lauxlib.h */ = {isa = PBXFileReference; fileEncoding = 30; lastKnownFileType = sourcecode.c.h; name = lauxlib.h; path = /opt/local/include/lauxlib.h; sourceTree = "<absolute>"; };
		911C0DBB094E8CBA00EF50E1 /* lua.h */ = {isa = PBXFileReference; fileEncoding = 30; lastKnownFileType = sourcecode.c.h; name = lua.h; path = /opt/local/include/lua.h; sourceTree = "<absolute>"; };
		911C0DBC094E8CBA00EF50E1 /* lualib.h */ = {isa = PBXFileReference; fileEncoding = 30; lastKnownFileType = sourcecode.c.h; name = lualib.h; path = /opt/local/include/lualib.h; sourceTree = "<absolute>"; };
		91AA65320985E6E10075C53E /* libpng12.a */ = {isa = PBXFileReference; lastKnownFileType = archive.ar; name = libpng12.a; path = /usr/local/lib/libpng12.a; sourceTree = "<absolute>"; };
		91E9E1B209F2E77B0015EE2A /* defs.h */ = {isa = PBXFileReference; fileEncoding = 30; lastKnownFileType = sourcecode.c.h; path = defs.h; sourceTree = "<group>"; };
		91E9E1BF09F2E77B0015EE2A /* audio.cpp */ = {isa = PBXFileReference; fileEncoding = 30; lastKnownFileType = sourcecode.cpp.cpp; path = audio.cpp; sourceTree = "<group>"; };
		91E9E1C009F2E77B0015EE2A /* audio.h */ = {isa = PBXFileReference; fileEncoding = 30; lastKnownFileType = sourcecode.c.h; path = audio.h; sourceTree = "<group>"; };
		91E9E1C109F2E77B0015EE2A /* audio_music.cpp */ = {isa = PBXFileReference; fileEncoding = 30; lastKnownFileType = sourcecode.cpp.cpp; path = audio_music.cpp; sourceTree = "<group>"; };
		91E9E1C209F2E77B0015EE2A /* audio_music.h */ = {isa = PBXFileReference; fileEncoding = 30; lastKnownFileType = sourcecode.c.h; path = audio_music.h; sourceTree = "<group>"; };
		91E9E1C309F2E77B0015EE2A /* audio_sound.cpp */ = {isa = PBXFileReference; fileEncoding = 30; lastKnownFileType = sourcecode.cpp.cpp; path = audio_sound.cpp; sourceTree = "<group>"; };
		91E9E1C409F2E77B0015EE2A /* audio_sound.h */ = {isa = PBXFileReference; fileEncoding = 30; lastKnownFileType = sourcecode.c.h; path = audio_sound.h; sourceTree = "<group>"; };
		91E9E1C509F2E77B0015EE2A /* data.cpp */ = {isa = PBXFileReference; fileEncoding = 30; lastKnownFileType = sourcecode.cpp.cpp; path = data.cpp; sourceTree = "<group>"; };
		91E9E1C609F2E77B0015EE2A /* data.h */ = {isa = PBXFileReference; fileEncoding = 30; lastKnownFileType = sourcecode.c.h; path = data.h; sourceTree = "<group>"; };
		91E9E1C709F2E77B0015EE2A /* data_bind.h */ = {isa = PBXFileReference; fileEncoding = 30; lastKnownFileType = sourcecode.c.h; path = data_bind.h; sourceTree = "<group>"; };
		91E9E1C809F2E77B0015EE2A /* global.cpp */ = {isa = PBXFileReference; fileEncoding = 30; lastKnownFileType = sourcecode.cpp.cpp; path = global.cpp; sourceTree = "<group>"; };
		91E9E1C909F2E77B0015EE2A /* global.h */ = {isa = PBXFileReference; fileEncoding = 30; lastKnownFileType = sourcecode.c.h; path = global.h; sourceTree = "<group>"; };
		91E9E1CB09F2E77B0015EE2A /* color.h */ = {isa = PBXFileReference; fileEncoding = 30; lastKnownFileType = sourcecode.c.h; path = color.h; sourceTree = "<group>"; };
		91E9E1CC09F2E77B0015EE2A /* context.h */ = {isa = PBXFileReference; fileEncoding = 30; lastKnownFileType = sourcecode.c.h; path = context.h; sourceTree = "<group>"; };
		91E9E1CD09F2E77B0015EE2A /* coord_sys.h */ = {isa = PBXFileReference; fileEncoding = 30; lastKnownFileType = sourcecode.c.h; path = coord_sys.h; sourceTree = "<group>"; };
		91E9E1CE09F2E77B0015EE2A /* draw.cpp */ = {isa = PBXFileReference; fileEncoding = 30; lastKnownFileType = sourcecode.cpp.cpp; path = draw.cpp; sourceTree = "<group>"; };
		91E9E1CF09F2E77B0015EE2A /* effects.cpp */ = {isa = PBXFileReference; fileEncoding = 30; lastKnownFileType = sourcecode.cpp.cpp; path = effects.cpp; sourceTree = "<group>"; };
		91E9E1D009F2E77B0015EE2A /* fade.cpp */ = {isa = PBXFileReference; fileEncoding = 30; lastKnownFileType = sourcecode.cpp.cpp; path = fade.cpp; sourceTree = "<group>"; };
		91E9E1D109F2E77B0015EE2A /* fade.h */ = {isa = PBXFileReference; fileEncoding = 30; lastKnownFileType = sourcecode.c.h; path = fade.h; sourceTree = "<group>"; };
		91E9E1D209F2E77B0015EE2A /* gui.cpp */ = {isa = PBXFileReference; fileEncoding = 30; lastKnownFileType = sourcecode.cpp.cpp; path = gui.cpp; sourceTree = "<group>"; };
		91E9E1D309F2E77B0015EE2A /* gui.h */ = {isa = PBXFileReference; fileEncoding = 30; lastKnownFileType = sourcecode.c.h; path = gui.h; sourceTree = "<group>"; };
		91E9E1D409F2E77B0015EE2A /* image.cpp */ = {isa = PBXFileReference; fileEncoding = 30; lastKnownFileType = sourcecode.cpp.cpp; path = image.cpp; sourceTree = "<group>"; };
		91E9E1D509F2E77B0015EE2A /* image.h */ = {isa = PBXFileReference; fileEncoding = 30; lastKnownFileType = sourcecode.c.h; path = image.h; sourceTree = "<group>"; };
		91E9E1D609F2E77B0015EE2A /* interpolator.cpp */ = {isa = PBXFileReference; fileEncoding = 30; lastKnownFileType = sourcecode.cpp.cpp; path = interpolator.cpp; sourceTree = "<group>"; };
		91E9E1D709F2E77B0015EE2A /* interpolator.h */ = {isa = PBXFileReference; fileEncoding = 30; lastKnownFileType = sourcecode.c.h; path = interpolator.h; sourceTree = "<group>"; };
		91E9E1D809F2E77B0015EE2A /* menu_window.cpp */ = {isa = PBXFileReference; fileEncoding = 30; lastKnownFileType = sourcecode.cpp.cpp; path = menu_window.cpp; sourceTree = "<group>"; };
		91E9E1D909F2E77B0015EE2A /* menu_window.h */ = {isa = PBXFileReference; fileEncoding = 30; lastKnownFileType = sourcecode.c.h; path = menu_window.h; sourceTree = "<group>"; };
		91E9E1DA09F2E77B0015EE2A /* option.cpp */ = {isa = PBXFileReference; fileEncoding = 30; lastKnownFileType = sourcecode.cpp.cpp; path = option.cpp; sourceTree = "<group>"; };
		91E9E1DB09F2E77B0015EE2A /* option.h */ = {isa = PBXFileReference; fileEncoding = 30; lastKnownFileType = sourcecode.c.h; path = option.h; sourceTree = "<group>"; };
		91E9E1DC09F2E77B0015EE2A /* particle.h */ = {isa = PBXFileReference; fileEncoding = 30; lastKnownFileType = sourcecode.c.h; path = particle.h; sourceTree = "<group>"; };
		91E9E1DD09F2E77B0015EE2A /* particle_effect.cpp */ = {isa = PBXFileReference; fileEncoding = 30; lastKnownFileType = sourcecode.cpp.cpp; path = particle_effect.cpp; sourceTree = "<group>"; };
		91E9E1DE09F2E77B0015EE2A /* particle_effect.h */ = {isa = PBXFileReference; fileEncoding = 30; lastKnownFileType = sourcecode.c.h; path = particle_effect.h; sourceTree = "<group>"; };
		91E9E1DF09F2E77B0015EE2A /* particle_emitter.h */ = {isa = PBXFileReference; fileEncoding = 30; lastKnownFileType = sourcecode.c.h; path = particle_emitter.h; sourceTree = "<group>"; };
		91E9E1E009F2E77B0015EE2A /* particle_keyframe.h */ = {isa = PBXFileReference; fileEncoding = 30; lastKnownFileType = sourcecode.c.h; path = particle_keyframe.h; sourceTree = "<group>"; };
		91E9E1E109F2E77B0015EE2A /* particle_manager.cpp */ = {isa = PBXFileReference; fileEncoding = 30; lastKnownFileType = sourcecode.cpp.cpp; path = particle_manager.cpp; sourceTree = "<group>"; };
		91E9E1E209F2E77B0015EE2A /* particle_manager.h */ = {isa = PBXFileReference; fileEncoding = 30; lastKnownFileType = sourcecode.c.h; path = particle_manager.h; sourceTree = "<group>"; };
		91E9E1E309F2E77B0015EE2A /* particle_system.cpp */ = {isa = PBXFileReference; fileEncoding = 30; lastKnownFileType = sourcecode.cpp.cpp; path = particle_system.cpp; sourceTree = "<group>"; };
		91E9E1E409F2E77B0015EE2A /* particle_system.h */ = {isa = PBXFileReference; fileEncoding = 30; lastKnownFileType = sourcecode.c.h; path = particle_system.h; sourceTree = "<group>"; };
		91E9E1E509F2E77B0015EE2A /* screen_rect.h */ = {isa = PBXFileReference; fileEncoding = 30; lastKnownFileType = sourcecode.c.h; path = screen_rect.h; sourceTree = "<group>"; };
		91E9E1E609F2E77B0015EE2A /* shake.cpp */ = {isa = PBXFileReference; fileEncoding = 30; lastKnownFileType = sourcecode.cpp.cpp; path = shake.cpp; sourceTree = "<group>"; };
		91E9E1E709F2E77B0015EE2A /* shake.h */ = {isa = PBXFileReference; fileEncoding = 30; lastKnownFileType = sourcecode.c.h; path = shake.h; sourceTree = "<group>"; };
		91E9E1E809F2E77B0015EE2A /* tex_mgmt.cpp */ = {isa = PBXFileReference; fileEncoding = 30; lastKnownFileType = sourcecode.cpp.cpp; path = tex_mgmt.cpp; sourceTree = "<group>"; };
		91E9E1E909F2E77B0015EE2A /* tex_mgmt.h */ = {isa = PBXFileReference; fileEncoding = 30; lastKnownFileType = sourcecode.c.h; path = tex_mgmt.h; sourceTree = "<group>"; };
		91E9E1EA09F2E77B0015EE2A /* text.cpp */ = {isa = PBXFileReference; fileEncoding = 30; lastKnownFileType = sourcecode.cpp.cpp; path = text.cpp; sourceTree = "<group>"; };
		91E9E1EB09F2E77B0015EE2A /* text.h */ = {isa = PBXFileReference; fileEncoding = 30; lastKnownFileType = sourcecode.c.h; path = text.h; sourceTree = "<group>"; };
		91E9E1EC09F2E77B0015EE2A /* textbox.cpp */ = {isa = PBXFileReference; fileEncoding = 30; lastKnownFileType = sourcecode.cpp.cpp; path = textbox.cpp; sourceTree = "<group>"; };
		91E9E1ED09F2E77B0015EE2A /* textbox.h */ = {isa = PBXFileReference; fileEncoding = 30; lastKnownFileType = sourcecode.c.h; path = textbox.h; sourceTree = "<group>"; };
		91E9E1EE09F2E77B0015EE2A /* video.cpp */ = {isa = PBXFileReference; fileEncoding = 30; lastKnownFileType = sourcecode.cpp.cpp; path = video.cpp; sourceTree = "<group>"; };
		91E9E1EF09F2E77B0015EE2A /* video.h */ = {isa = PBXFileReference; fileEncoding = 30; lastKnownFileType = sourcecode.c.h; path = video.h; sourceTree = "<group>"; };
		91E9E1F009F2E77B0015EE2A /* main.cpp */ = {isa = PBXFileReference; fileEncoding = 30; lastKnownFileType = sourcecode.cpp.cpp; path = main.cpp; sourceTree = "<group>"; };
		91E9E1F309F2E77B0015EE2A /* battle.cpp */ = {isa = PBXFileReference; fileEncoding = 30; lastKnownFileType = sourcecode.cpp.cpp; path = battle.cpp; sourceTree = "<group>"; };
		91E9E1F409F2E77B0015EE2A /* battle.h */ = {isa = PBXFileReference; fileEncoding = 30; lastKnownFileType = sourcecode.c.h; path = battle.h; sourceTree = "<group>"; };
		91E9E1F609F2E77B0015EE2A /* boot.cpp */ = {isa = PBXFileReference; fileEncoding = 30; lastKnownFileType = sourcecode.cpp.cpp; path = boot.cpp; sourceTree = "<group>"; };
		91E9E1F709F2E77B0015EE2A /* boot.h */ = {isa = PBXFileReference; fileEncoding = 30; lastKnownFileType = sourcecode.c.h; path = boot.h; sourceTree = "<group>"; };
		91E9E1F809F2E77B0015EE2A /* boot_menu.cpp */ = {isa = PBXFileReference; fileEncoding = 30; lastKnownFileType = sourcecode.cpp.cpp; path = boot_menu.cpp; sourceTree = "<group>"; };
		91E9E1F909F2E77B0015EE2A /* boot_menu.h */ = {isa = PBXFileReference; fileEncoding = 30; lastKnownFileType = sourcecode.c.h; path = boot_menu.h; sourceTree = "<group>"; };
		91E9E1FB09F2E77B0015EE2A /* map.cpp */ = {isa = PBXFileReference; fileEncoding = 30; lastKnownFileType = sourcecode.cpp.cpp; path = map.cpp; sourceTree = "<group>"; };
		91E9E1FC09F2E77B0015EE2A /* map.h */ = {isa = PBXFileReference; fileEncoding = 30; lastKnownFileType = sourcecode.c.h; path = map.h; sourceTree = "<group>"; };
		91E9E1FD09F2E77B0015EE2A /* map_actions.cpp */ = {isa = PBXFileReference; fileEncoding = 30; lastKnownFileType = sourcecode.cpp.cpp; path = map_actions.cpp; sourceTree = "<group>"; };
		91E9E1FE09F2E77B0015EE2A /* map_actions.h */ = {isa = PBXFileReference; fileEncoding = 30; lastKnownFileType = sourcecode.c.h; path = map_actions.h; sourceTree = "<group>"; };
		91E9E1FF09F2E77B0015EE2A /* map_dialogue.cpp */ = {isa = PBXFileReference; fileEncoding = 30; lastKnownFileType = sourcecode.cpp.cpp; path = map_dialogue.cpp; sourceTree = "<group>"; };
		91E9E20009F2E77B0015EE2A /* map_dialogue.h */ = {isa = PBXFileReference; fileEncoding = 30; lastKnownFileType = sourcecode.c.h; path = map_dialogue.h; sourceTree = "<group>"; };
		91E9E20109F2E77B0015EE2A /* map_objects.cpp */ = {isa = PBXFileReference; fileEncoding = 30; lastKnownFileType = sourcecode.cpp.cpp; path = map_objects.cpp; sourceTree = "<group>"; };
		91E9E20209F2E77B0015EE2A /* map_objects.h */ = {isa = PBXFileReference; fileEncoding = 30; lastKnownFileType = sourcecode.c.h; path = map_objects.h; sourceTree = "<group>"; };
		91E9E20409F2E77B0015EE2A /* menu.cpp */ = {isa = PBXFileReference; fileEncoding = 30; lastKnownFileType = sourcecode.cpp.cpp; path = menu.cpp; sourceTree = "<group>"; };
		91E9E20509F2E77B0015EE2A /* menu.h */ = {isa = PBXFileReference; fileEncoding = 30; lastKnownFileType = sourcecode.c.h; path = menu.h; sourceTree = "<group>"; };
		91E9E20609F2E77B0015EE2A /* menu_views.cpp */ = {isa = PBXFileReference; fileEncoding = 30; lastKnownFileType = sourcecode.cpp.cpp; path = menu_views.cpp; sourceTree = "<group>"; };
		91E9E20709F2E77B0015EE2A /* menu_views.h */ = {isa = PBXFileReference; fileEncoding = 30; lastKnownFileType = sourcecode.c.h; path = menu_views.h; sourceTree = "<group>"; };
		91E9E20809F2E77B0015EE2A /* pause.cpp */ = {isa = PBXFileReference; fileEncoding = 30; lastKnownFileType = sourcecode.cpp.cpp; path = pause.cpp; sourceTree = "<group>"; };
		91E9E20909F2E77B0015EE2A /* pause.h */ = {isa = PBXFileReference; fileEncoding = 30; lastKnownFileType = sourcecode.c.h; path = pause.h; sourceTree = "<group>"; };
		91E9E20A09F2E77B0015EE2A /* quit.cpp */ = {isa = PBXFileReference; fileEncoding = 30; lastKnownFileType = sourcecode.cpp.cpp; path = quit.cpp; sourceTree = "<group>"; };
		91E9E20B09F2E77B0015EE2A /* quit.h */ = {isa = PBXFileReference; fileEncoding = 30; lastKnownFileType = sourcecode.c.h; path = quit.h; sourceTree = "<group>"; };
		91E9E20C09F2E77B0015EE2A /* scene.cpp */ = {isa = PBXFileReference; fileEncoding = 30; lastKnownFileType = sourcecode.cpp.cpp; path = scene.cpp; sourceTree = "<group>"; };
		91E9E20D09F2E77B0015EE2A /* scene.h */ = {isa = PBXFileReference; fileEncoding = 30; lastKnownFileType = sourcecode.c.h; path = scene.h; sourceTree = "<group>"; };
		91E9E20E09F2E77B0015EE2A /* utils.cpp */ = {isa = PBXFileReference; fileEncoding = 30; lastKnownFileType = sourcecode.cpp.cpp; path = utils.cpp; sourceTree = "<group>"; };
		91E9E20F09F2E77B0015EE2A /* utils.h */ = {isa = PBXFileReference; fileEncoding = 30; lastKnownFileType = sourcecode.c.h; path = utils.h; sourceTree = "<group>"; };
		91E9E38509F32F720015EE2A /* input.cpp */ = {isa = PBXFileReference; fileEncoding = 30; lastKnownFileType = sourcecode.cpp.cpp; name = input.cpp; path = engine/input.cpp; sourceTree = SOURCE_ROOT; };
		91E9E38609F32F720015EE2A /* input.h */ = {isa = PBXFileReference; fileEncoding = 30; lastKnownFileType = sourcecode.c.h; name = input.h; path = engine/input.h; sourceTree = SOURCE_ROOT; };
		91E9E38709F32F720015EE2A /* mode_manager.cpp */ = {isa = PBXFileReference; fileEncoding = 30; lastKnownFileType = sourcecode.cpp.cpp; name = mode_manager.cpp; path = engine/mode_manager.cpp; sourceTree = SOURCE_ROOT; };
		91E9E38809F32F720015EE2A /* mode_manager.h */ = {isa = PBXFileReference; fileEncoding = 30; lastKnownFileType = sourcecode.c.h; name = mode_manager.h; path = engine/mode_manager.h; sourceTree = SOURCE_ROOT; };
		91E9E38909F32F720015EE2A /* settings.cpp */ = {isa = PBXFileReference; fileEncoding = 30; lastKnownFileType = sourcecode.cpp.cpp; name = settings.cpp; path = engine/settings.cpp; sourceTree = SOURCE_ROOT; };
		91E9E38A09F32F720015EE2A /* settings.h */ = {isa = PBXFileReference; fileEncoding = 30; lastKnownFileType = sourcecode.c.h; name = settings.h; path = engine/settings.h; sourceTree = SOURCE_ROOT; };
		91F031CC097A06690034295F /* OpenAL.framework */ = {isa = PBXFileReference; lastKnownFileType = wrapper.framework; name = OpenAL.framework; path = /System/Library/Frameworks/OpenAL.framework; sourceTree = "<absolute>"; };
		91F031E6097A07C80034295F /* libvorbis.a */ = {isa = PBXFileReference; lastKnownFileType = archive.ar; name = libvorbis.a; path = /usr/local/lib/libvorbis.a; sourceTree = "<absolute>"; };
		91F031E8097A07DC0034295F /* libogg.a */ = {isa = PBXFileReference; lastKnownFileType = archive.ar; name = libogg.a; path = /usr/local/lib/libogg.a; sourceTree = "<absolute>"; };
		91F031EA097A08260034295F /* libvorbisfile.a */ = {isa = PBXFileReference; lastKnownFileType = archive.ar; name = libvorbisfile.a; path = /usr/local/lib/libvorbisfile.a; sourceTree = "<absolute>"; };
		91F031F3097A087A0034295F /* libvorbisenc.a */ = {isa = PBXFileReference; lastKnownFileType = archive.ar; name = libvorbisenc.a; path = /usr/local/lib/libvorbisenc.a; sourceTree = "<absolute>"; };
		F5A47A9D01A0482F01D3D55B /* SDLMain.h */ = {isa = PBXFileReference; lastKnownFileType = sourcecode.c.h; path = SDLMain.h; sourceTree = SOURCE_ROOT; };
		F5A47A9E01A0483001D3D55B /* SDLMain.m */ = {isa = PBXFileReference; lastKnownFileType = sourcecode.c.objc; path = SDLMain.m; sourceTree = SOURCE_ROOT; };
/* End PBXFileReference section */

/* Begin PBXFrameworksBuildPhase section */
		29B9732DFDCFA39411CA2CEA /* Frameworks */ = {
			isa = PBXFrameworksBuildPhase;
			buildActionMask = 2147483647;
			files = (
				1058C7A3FEA54F0111CA2CBB /* Cocoa.framework in Frameworks */,
				911C0D69094E8B2A00EF50E1 /* SDL_mixer.framework in Frameworks */,
				911C0D6A094E8B2A00EF50E1 /* SDL_ttf.framework in Frameworks */,
				911C0D6B094E8B2A00EF50E1 /* SDL.framework in Frameworks */,
				911C0D75094E8B6400EF50E1 /* libIL.dylib in Frameworks */,
				911C0D76094E8B6400EF50E1 /* libILU.dylib in Frameworks */,
				911C0D77094E8B6400EF50E1 /* libILUT.dylib in Frameworks */,
				911C0D79094E8B8A00EF50E1 /* OpenGL.framework in Frameworks */,
				911C0DB7094E8C5500EF50E1 /* liblua.a in Frameworks */,
				911C0DB9094E8C7500EF50E1 /* liblualib.a in Frameworks */,
				91F031CD097A06690034295F /* OpenAL.framework in Frameworks */,
				91F031E7097A07C80034295F /* libvorbis.a in Frameworks */,
				91F031E9097A07DC0034295F /* libogg.a in Frameworks */,
				91F031EB097A08260034295F /* libvorbisfile.a in Frameworks */,
				91F031F4097A087A0034295F /* libvorbisenc.a in Frameworks */,
				91AA65330985E6E10075C53E /* libpng12.a in Frameworks */,
			);
			runOnlyForDeploymentPostprocessing = 0;
		};
/* End PBXFrameworksBuildPhase section */

/* Begin PBXGroup section */
		080E96DDFE201D6D7F000001 /* Classes */ = {
			isa = PBXGroup;
			children = (
				F5A47A9D01A0482F01D3D55B /* SDLMain.h */,
				F5A47A9E01A0483001D3D55B /* SDLMain.m */,
			);
			name = Classes;
			sourceTree = "<group>";
		};
		1058C7A0FEA54F0111CA2CBB /* Linked Frameworks */ = {
			isa = PBXGroup;
			children = (
				1058C7A1FEA54F0111CA2CBB /* Cocoa.framework */,
			);
			name = "Linked Frameworks";
			sourceTree = "<group>";
		};
		1058C7A2FEA54F0111CA2CBB /* Other Frameworks */ = {
			isa = PBXGroup;
			children = (
				29B97325FDCFA39411CA2CEA /* Foundation.framework */,
				29B97324FDCFA39411CA2CEA /* AppKit.framework */,
			);
			name = "Other Frameworks";
			sourceTree = "<group>";
		};
		19C28FACFE9D520D11CA2CBB /* Products */ = {
			isa = PBXGroup;
			children = (
				17587328FF379C6511CA2CBB /* Hero Of Allacrost.app */,
			);
			name = Products;
			sourceTree = "<group>";
		};
		29B97314FDCFA39411CA2CEA /* Hero Of Allacrost */ = {
			isa = PBXGroup;
			children = (
				91E9E1B209F2E77B0015EE2A /* defs.h */,
				91E9E1BD09F2E77B0015EE2A /* engine */,
				91E9E1F009F2E77B0015EE2A /* main.cpp */,
				91E9E1F109F2E77B0015EE2A /* modes */,
				91E9E20E09F2E77B0015EE2A /* utils.cpp */,
				91E9E20F09F2E77B0015EE2A /* utils.h */,
				080E96DDFE201D6D7F000001 /* Classes */,
				29B97323FDCFA39411CA2CEA /* Frameworks */,
				911C0DBA094E8CBA00EF50E1 /* lauxlib.h */,
				911C0D72094E8B6400EF50E1 /* libIL.dylib */,
				911C0D73094E8B6400EF50E1 /* libILU.dylib */,
				911C0D74094E8B6400EF50E1 /* libILUT.dylib */,
				911C0DB6094E8C5500EF50E1 /* liblua.a */,
				911C0DB8094E8C7500EF50E1 /* liblualib.a */,
				91F031E8097A07DC0034295F /* libogg.a */,
				91AA65320985E6E10075C53E /* libpng12.a */,
				91F031E6097A07C80034295F /* libvorbis.a */,
				91F031F3097A087A0034295F /* libvorbisenc.a */,
				91F031EA097A08260034295F /* libvorbisfile.a */,
				911C0DBB094E8CBA00EF50E1 /* lua.h */,
				911C0DBC094E8CBA00EF50E1 /* lualib.h */,
				91F031CC097A06690034295F /* OpenAL.framework */,
				911C0D78094E8B8A00EF50E1 /* OpenGL.framework */,
				29B97315FDCFA39411CA2CEA /* Other Sources */,
				19C28FACFE9D520D11CA2CBB /* Products */,
				29B97317FDCFA39411CA2CEA /* Resources */,
				911C0D68094E8B2A00EF50E1 /* SDL.framework */,
				911C0D66094E8B2A00EF50E1 /* SDL_mixer.framework */,
				911C0D67094E8B2A00EF50E1 /* SDL_ttf.framework */,
			);
			name = "Hero Of Allacrost";
			sourceTree = "<group>";
		};
		29B97315FDCFA39411CA2CEA /* Other Sources */ = {
			isa = PBXGroup;
			children = (
			);
			name = "Other Sources";
			sourceTree = "<group>";
		};
		29B97317FDCFA39411CA2CEA /* Resources */ = {
			isa = PBXGroup;
			children = (
			);
			name = Resources;
			sourceTree = "<group>";
		};
		29B97323FDCFA39411CA2CEA /* Frameworks */ = {
			isa = PBXGroup;
			children = (
				1058C7A0FEA54F0111CA2CBB /* Linked Frameworks */,
				1058C7A2FEA54F0111CA2CBB /* Other Frameworks */,
			);
			name = Frameworks;
			sourceTree = "<group>";
		};
		91E9E1BD09F2E77B0015EE2A /* engine */ = {
			isa = PBXGroup;
			children = (
				91E9E1BE09F2E77B0015EE2A /* audio */,
				91E9E1C509F2E77B0015EE2A /* data.cpp */,
				91E9E1C609F2E77B0015EE2A /* data.h */,
				91E9E1C709F2E77B0015EE2A /* data_bind.h */,
				91E9E1C809F2E77B0015EE2A /* global.cpp */,
				91E9E1C909F2E77B0015EE2A /* global.h */,
				91E9E1CA09F2E77B0015EE2A /* video */,
			);
			path = engine;
			sourceTree = "<group>";
		};
		91E9E1BE09F2E77B0015EE2A /* audio */ = {
			isa = PBXGroup;
			children = (
				91E9E1BF09F2E77B0015EE2A /* audio.cpp */,
				91E9E1C009F2E77B0015EE2A /* audio.h */,
				91E9E1C109F2E77B0015EE2A /* audio_music.cpp */,
				91E9E1C209F2E77B0015EE2A /* audio_music.h */,
				91E9E1C309F2E77B0015EE2A /* audio_sound.cpp */,
				91E9E1C409F2E77B0015EE2A /* audio_sound.h */,
			);
			path = audio;
			sourceTree = "<group>";
		};
		91E9E1CA09F2E77B0015EE2A /* video */ = {
			isa = PBXGroup;
			children = (
				91E9E1CB09F2E77B0015EE2A /* color.h */,
				91E9E1CC09F2E77B0015EE2A /* context.h */,
				91E9E1CD09F2E77B0015EE2A /* coord_sys.h */,
				91E9E1CE09F2E77B0015EE2A /* draw.cpp */,
				91E9E1CF09F2E77B0015EE2A /* effects.cpp */,
				91E9E1D009F2E77B0015EE2A /* fade.cpp */,
				91E9E1D109F2E77B0015EE2A /* fade.h */,
				91E9E1D209F2E77B0015EE2A /* gui.cpp */,
				91E9E1D309F2E77B0015EE2A /* gui.h */,
				91E9E1D409F2E77B0015EE2A /* image.cpp */,
				91E9E1D509F2E77B0015EE2A /* image.h */,
				91E9E1D609F2E77B0015EE2A /* interpolator.cpp */,
				91E9E1D709F2E77B0015EE2A /* interpolator.h */,
				91E9E1D809F2E77B0015EE2A /* menu_window.cpp */,
				91E9E1D909F2E77B0015EE2A /* menu_window.h */,
				91E9E1DA09F2E77B0015EE2A /* option.cpp */,
				91E9E1DB09F2E77B0015EE2A /* option.h */,
				91E9E1DC09F2E77B0015EE2A /* particle.h */,
				91E9E1DD09F2E77B0015EE2A /* particle_effect.cpp */,
				91E9E1DE09F2E77B0015EE2A /* particle_effect.h */,
				91E9E1DF09F2E77B0015EE2A /* particle_emitter.h */,
				91E9E1E009F2E77B0015EE2A /* particle_keyframe.h */,
				91E9E1E109F2E77B0015EE2A /* particle_manager.cpp */,
				91E9E1E209F2E77B0015EE2A /* particle_manager.h */,
				91E9E1E309F2E77B0015EE2A /* particle_system.cpp */,
				91E9E1E409F2E77B0015EE2A /* particle_system.h */,
				91E9E1E509F2E77B0015EE2A /* screen_rect.h */,
				91E9E1E609F2E77B0015EE2A /* shake.cpp */,
				91E9E1E709F2E77B0015EE2A /* shake.h */,
				91E9E1E809F2E77B0015EE2A /* tex_mgmt.cpp */,
				91E9E1E909F2E77B0015EE2A /* tex_mgmt.h */,
				91E9E1EA09F2E77B0015EE2A /* text.cpp */,
				91E9E1EB09F2E77B0015EE2A /* text.h */,
				91E9E1EC09F2E77B0015EE2A /* textbox.cpp */,
				91E9E1ED09F2E77B0015EE2A /* textbox.h */,
				91E9E1EE09F2E77B0015EE2A /* video.cpp */,
				91E9E1EF09F2E77B0015EE2A /* video.h */,
				91E9E38509F32F720015EE2A /* input.cpp */,
				91E9E38609F32F720015EE2A /* input.h */,
				91E9E38709F32F720015EE2A /* mode_manager.cpp */,
				91E9E38809F32F720015EE2A /* mode_manager.h */,
				91E9E38909F32F720015EE2A /* settings.cpp */,
				91E9E38A09F32F720015EE2A /* settings.h */,
			);
			path = video;
			sourceTree = "<group>";
		};
		91E9E1F109F2E77B0015EE2A /* modes */ = {
			isa = PBXGroup;
			children = (
				91E9E1F209F2E77B0015EE2A /* battle */,
				91E9E1F509F2E77B0015EE2A /* boot */,
				91E9E1FA09F2E77B0015EE2A /* map */,
				91E9E20309F2E77B0015EE2A /* menu */,
				91E9E20809F2E77B0015EE2A /* pause.cpp */,
				91E9E20909F2E77B0015EE2A /* pause.h */,
				91E9E20A09F2E77B0015EE2A /* quit.cpp */,
				91E9E20B09F2E77B0015EE2A /* quit.h */,
				91E9E20C09F2E77B0015EE2A /* scene.cpp */,
				91E9E20D09F2E77B0015EE2A /* scene.h */,
			);
			path = modes;
			sourceTree = "<group>";
		};
		91E9E1F209F2E77B0015EE2A /* battle */ = {
			isa = PBXGroup;
			children = (
				91E9E1F309F2E77B0015EE2A /* battle.cpp */,
				91E9E1F409F2E77B0015EE2A /* battle.h */,
			);
			path = battle;
			sourceTree = "<group>";
		};
		91E9E1F509F2E77B0015EE2A /* boot */ = {
			isa = PBXGroup;
			children = (
				91E9E1F609F2E77B0015EE2A /* boot.cpp */,
				91E9E1F709F2E77B0015EE2A /* boot.h */,
				91E9E1F809F2E77B0015EE2A /* boot_menu.cpp */,
				91E9E1F909F2E77B0015EE2A /* boot_menu.h */,
			);
			path = boot;
			sourceTree = "<group>";
		};
		91E9E1FA09F2E77B0015EE2A /* map */ = {
			isa = PBXGroup;
			children = (
				91E9E1FB09F2E77B0015EE2A /* map.cpp */,
				91E9E1FC09F2E77B0015EE2A /* map.h */,
				91E9E1FD09F2E77B0015EE2A /* map_actions.cpp */,
				91E9E1FE09F2E77B0015EE2A /* map_actions.h */,
				91E9E1FF09F2E77B0015EE2A /* map_dialogue.cpp */,
				91E9E20009F2E77B0015EE2A /* map_dialogue.h */,
				91E9E20109F2E77B0015EE2A /* map_objects.cpp */,
				91E9E20209F2E77B0015EE2A /* map_objects.h */,
			);
			path = map;
			sourceTree = "<group>";
		};
		91E9E20309F2E77B0015EE2A /* menu */ = {
			isa = PBXGroup;
			children = (
				91E9E20409F2E77B0015EE2A /* menu.cpp */,
				91E9E20509F2E77B0015EE2A /* menu.h */,
				91E9E20609F2E77B0015EE2A /* menu_views.cpp */,
				91E9E20709F2E77B0015EE2A /* menu_views.h */,
			);
			path = menu;
			sourceTree = "<group>";
		};
/* End PBXGroup section */

/* Begin PBXHeadersBuildPhase section */
		29B97327FDCFA39411CA2CEA /* Headers */ = {
			isa = PBXHeadersBuildPhase;
			buildActionMask = 2147483647;
			files = (
				F5A47AA101A0483001D3D55B /* SDLMain.h in Headers */,
				911C0DBD094E8CBA00EF50E1 /* lauxlib.h in Headers */,
				911C0DBE094E8CBA00EF50E1 /* lua.h in Headers */,
				911C0DBF094E8CBA00EF50E1 /* lualib.h in Headers */,
				91E9E21009F2E77B0015EE2A /* defs.h in Headers */,
				91E9E21B09F2E77B0015EE2A /* audio.h in Headers */,
				91E9E21D09F2E77B0015EE2A /* audio_music.h in Headers */,
				91E9E21F09F2E77B0015EE2A /* audio_sound.h in Headers */,
				91E9E22109F2E77B0015EE2A /* data.h in Headers */,
				91E9E22209F2E77B0015EE2A /* data_bind.h in Headers */,
				91E9E22409F2E77B0015EE2A /* global.h in Headers */,
				91E9E22509F2E77B0015EE2A /* color.h in Headers */,
				91E9E22609F2E77B0015EE2A /* context.h in Headers */,
				91E9E22709F2E77B0015EE2A /* coord_sys.h in Headers */,
				91E9E22B09F2E77B0015EE2A /* fade.h in Headers */,
				91E9E22D09F2E77B0015EE2A /* gui.h in Headers */,
				91E9E22F09F2E77B0015EE2A /* image.h in Headers */,
				91E9E23109F2E77B0015EE2A /* interpolator.h in Headers */,
				91E9E23309F2E77B0015EE2A /* menu_window.h in Headers */,
				91E9E23509F2E77B0015EE2A /* option.h in Headers */,
				91E9E23609F2E77B0015EE2A /* particle.h in Headers */,
				91E9E23809F2E77B0015EE2A /* particle_effect.h in Headers */,
				91E9E23909F2E77B0015EE2A /* particle_emitter.h in Headers */,
				91E9E23A09F2E77B0015EE2A /* particle_keyframe.h in Headers */,
				91E9E23C09F2E77B0015EE2A /* particle_manager.h in Headers */,
				91E9E23E09F2E77B0015EE2A /* particle_system.h in Headers */,
				91E9E23F09F2E77B0015EE2A /* screen_rect.h in Headers */,
				91E9E24109F2E77B0015EE2A /* shake.h in Headers */,
				91E9E24309F2E77B0015EE2A /* tex_mgmt.h in Headers */,
				91E9E24509F2E77B0015EE2A /* text.h in Headers */,
				91E9E24709F2E77B0015EE2A /* textbox.h in Headers */,
				91E9E24909F2E77B0015EE2A /* video.h in Headers */,
				91E9E24C09F2E77B0015EE2A /* battle.h in Headers */,
				91E9E24E09F2E77B0015EE2A /* boot.h in Headers */,
				91E9E25009F2E77B0015EE2A /* boot_menu.h in Headers */,
				91E9E25209F2E77B0015EE2A /* map.h in Headers */,
				91E9E25409F2E77B0015EE2A /* map_actions.h in Headers */,
				91E9E25609F2E77B0015EE2A /* map_dialogue.h in Headers */,
				91E9E25809F2E77B0015EE2A /* map_objects.h in Headers */,
				91E9E25A09F2E77B0015EE2A /* menu.h in Headers */,
				91E9E25C09F2E77B0015EE2A /* menu_views.h in Headers */,
				91E9E25E09F2E77B0015EE2A /* pause.h in Headers */,
				91E9E26009F2E77B0015EE2A /* quit.h in Headers */,
				91E9E26209F2E77B0015EE2A /* scene.h in Headers */,
				91E9E26409F2E77B0015EE2A /* utils.h in Headers */,
				91E9E38C09F32F720015EE2A /* input.h in Headers */,
				91E9E38E09F32F720015EE2A /* mode_manager.h in Headers */,
				91E9E39009F32F720015EE2A /* settings.h in Headers */,
			);
			runOnlyForDeploymentPostprocessing = 0;
		};
/* End PBXHeadersBuildPhase section */

/* Begin PBXProject section */
		29B97313FDCFA39411CA2CEA /* Project object */ = {
			isa = PBXProject;
			buildConfigurationList = 911C0CD6094E8A7300EF50E1 /* Build configuration list for PBXProject "Hero Of Allacrost" */;
			buildSettings = {
			};
			buildStyles = (
				4A9504CCFFE6A4B311CA0CBA /* Development */,
				4A9504CDFFE6A4B311CA0CBA /* Deployment */,
			);
			hasScannedForEncodings = 0;
			mainGroup = 29B97314FDCFA39411CA2CEA /* Hero Of Allacrost */;
			projectDirPath = "";
			targets = (
				29B97326FDCFA39411CA2CEA /* Hero Of Allacrost */,
			);
		};
/* End PBXProject section */

/* Begin PBXResourcesBuildPhase section */
		29B97328FDCFA39411CA2CEA /* Resources */ = {
			isa = PBXResourcesBuildPhase;
			buildActionMask = 2147483647;
			files = (
			);
			runOnlyForDeploymentPostprocessing = 0;
		};
/* End PBXResourcesBuildPhase section */

/* Begin PBXSourcesBuildPhase section */
		29B9732BFDCFA39411CA2CEA /* Sources */ = {
			isa = PBXSourcesBuildPhase;
			buildActionMask = 2147483647;
			files = (
				F5A47AA301A0483001D3D55B /* SDLMain.m in Sources */,
				91E9E21A09F2E77B0015EE2A /* audio.cpp in Sources */,
				91E9E21C09F2E77B0015EE2A /* audio_music.cpp in Sources */,
				91E9E21E09F2E77B0015EE2A /* audio_sound.cpp in Sources */,
				91E9E22009F2E77B0015EE2A /* data.cpp in Sources */,
				91E9E22309F2E77B0015EE2A /* global.cpp in Sources */,
				91E9E22809F2E77B0015EE2A /* draw.cpp in Sources */,
				91E9E22909F2E77B0015EE2A /* effects.cpp in Sources */,
				91E9E22A09F2E77B0015EE2A /* fade.cpp in Sources */,
				91E9E22C09F2E77B0015EE2A /* gui.cpp in Sources */,
				91E9E22E09F2E77B0015EE2A /* image.cpp in Sources */,
				91E9E23009F2E77B0015EE2A /* interpolator.cpp in Sources */,
				91E9E23209F2E77B0015EE2A /* menu_window.cpp in Sources */,
				91E9E23409F2E77B0015EE2A /* option.cpp in Sources */,
				91E9E23709F2E77B0015EE2A /* particle_effect.cpp in Sources */,
				91E9E23B09F2E77B0015EE2A /* particle_manager.cpp in Sources */,
				91E9E23D09F2E77B0015EE2A /* particle_system.cpp in Sources */,
				91E9E24009F2E77B0015EE2A /* shake.cpp in Sources */,
				91E9E24209F2E77B0015EE2A /* tex_mgmt.cpp in Sources */,
				91E9E24409F2E77B0015EE2A /* text.cpp in Sources */,
				91E9E24609F2E77B0015EE2A /* textbox.cpp in Sources */,
				91E9E24809F2E77B0015EE2A /* video.cpp in Sources */,
				91E9E24A09F2E77B0015EE2A /* main.cpp in Sources */,
				91E9E24B09F2E77B0015EE2A /* battle.cpp in Sources */,
				91E9E24D09F2E77B0015EE2A /* boot.cpp in Sources */,
				91E9E24F09F2E77B0015EE2A /* boot_menu.cpp in Sources */,
				91E9E25109F2E77B0015EE2A /* map.cpp in Sources */,
				91E9E25309F2E77B0015EE2A /* map_actions.cpp in Sources */,
				91E9E25509F2E77B0015EE2A /* map_dialogue.cpp in Sources */,
				91E9E25709F2E77B0015EE2A /* map_objects.cpp in Sources */,
				91E9E25909F2E77B0015EE2A /* menu.cpp in Sources */,
				91E9E25B09F2E77B0015EE2A /* menu_views.cpp in Sources */,
				91E9E25D09F2E77B0015EE2A /* pause.cpp in Sources */,
				91E9E25F09F2E77B0015EE2A /* quit.cpp in Sources */,
				91E9E26109F2E77B0015EE2A /* scene.cpp in Sources */,
				91E9E26309F2E77B0015EE2A /* utils.cpp in Sources */,
				91E9E38B09F32F720015EE2A /* input.cpp in Sources */,
				91E9E38D09F32F720015EE2A /* mode_manager.cpp in Sources */,
				91E9E38F09F32F720015EE2A /* settings.cpp in Sources */,
			);
			runOnlyForDeploymentPostprocessing = 0;
		};
/* End PBXSourcesBuildPhase section */

/* Begin XCBuildConfiguration section */
		911C0CD3094E8A7300EF50E1 /* Development */ = {
			isa = XCBuildConfiguration;
			buildSettings = {
				COPY_PHASE_STRIP = NO;
				FRAMEWORK_SEARCH_PATHS = "\"/Library/Frameworks\"";
				GCC_DYNAMIC_NO_PIC = NO;
				GCC_ENABLE_FIX_AND_CONTINUE = YES;
				GCC_GENERATE_DEBUGGING_SYMBOLS = YES;
				GCC_OPTIMIZATION_LEVEL = 0;
				HEADER_SEARCH_PATHS = "\"/Library/Frameworks/SDL.framework/Headers\"";
				INSTALL_PATH = "$(HOME)/Applications";
				LIBRARY_SEARCH_PATHS = /opt/local/lib;
				OPTIMIZATION_CFLAGS = "-O0";
				OTHER_LDFLAGS = (
					"-framework",
					SDL,
				);
				PRODUCT_NAME = "Hero Of Allacrost";
				SECTORDER_FLAGS = "";
				WARNING_CFLAGS = (
					"-Wmost",
					"-Wno-four-char-constants",
					"-Wno-unknown-pragmas",
				);
				WRAPPER_EXTENSION = app;
				ZERO_LINK = YES;
			};
			name = Development;
		};
		911C0CD4094E8A7300EF50E1 /* Deployment */ = {
			isa = XCBuildConfiguration;
			buildSettings = {
				COPY_PHASE_STRIP = YES;
				FRAMEWORK_SEARCH_PATHS = "\"/Library/Frameworks\"";
				GCC_ENABLE_FIX_AND_CONTINUE = NO;
				HEADER_SEARCH_PATHS = "\"/Library/Frameworks/SDL.framework/Headers\"";
				INSTALL_PATH = "$(HOME)/Applications";
				LIBRARY_SEARCH_PATHS = /opt/local/lib;
				OTHER_LDFLAGS = (
					"-framework",
					SDL,
				);
				PRODUCT_NAME = "Hero Of Allacrost";
				SECTORDER_FLAGS = "";
				WARNING_CFLAGS = (
					"-Wmost",
					"-Wno-four-char-constants",
					"-Wno-unknown-pragmas",
				);
				WRAPPER_EXTENSION = app;
				ZERO_LINK = NO;
			};
			name = Deployment;
		};
		911C0CD5094E8A7300EF50E1 /* Default */ = {
			isa = XCBuildConfiguration;
			buildSettings = {
				FRAMEWORK_SEARCH_PATHS = "\"/Library/Frameworks\"";
				HEADER_SEARCH_PATHS = "\"/Library/Frameworks/SDL.framework/Headers\"";
				INSTALL_PATH = "$(HOME)/Applications";
				LIBRARY_SEARCH_PATHS = /opt/local/lib;
				OTHER_LDFLAGS = (
					"-framework",
					SDL,
				);
				PRODUCT_NAME = "Hero Of Allacrost";
				SECTORDER_FLAGS = "";
				WARNING_CFLAGS = (
					"-Wmost",
					"-Wno-four-char-constants",
					"-Wno-unknown-pragmas",
				);
				WRAPPER_EXTENSION = app;
			};
			name = Default;
		};
		911C0CD7094E8A7300EF50E1 /* Development */ = {
			isa = XCBuildConfiguration;
			buildSettings = {
				HEADER_SEARCH_PATHS = (
					"/Users/shad0an/Hero of Allacrost/module_00/src/modes/menu",
					"/Users/shad0an/Hero of Allacrost/module_00/src/engine",
					/usr/local/include,
					"/Users/shad0an/Hero of Allacrost/module_00/src/engine/audio",
					"/Users/shad0an/Hero of Allacrost/module_00/src/engine/video",
					"/Users/shad0an/Hero of Allacrost/module_00/src/engine/modes",
					"/Users/shad0an/Hero of Allacrost/module_00/src/modes/battle",
					"/Users/shad0an/Hero of Allacrost/module_00/src/modes/boot",
					"/Users/shad0an/Hero of Allacrost/module_00/src/modes/map",
				);
			};
			name = Development;
		};
		911C0CD8094E8A7300EF50E1 /* Deployment */ = {
			isa = XCBuildConfiguration;
			buildSettings = {
				HEADER_SEARCH_PATHS = (
					"/Users/shad0an/Hero of Allacrost/module_00/src/modes/menu",
					"/Users/shad0an/Hero of Allacrost/module_00/src/engine",
					/usr/local/include,
					"/Users/shad0an/Hero of Allacrost/module_00/src/engine/audio",
					"/Users/shad0an/Hero of Allacrost/module_00/src/engine/video",
					"/Users/shad0an/Hero of Allacrost/module_00/src/engine/modes",
					"/Users/shad0an/Hero of Allacrost/module_00/src/modes/battle",
					"/Users/shad0an/Hero of Allacrost/module_00/src/modes/boot",
					"/Users/shad0an/Hero of Allacrost/module_00/src/modes/map",
				);
			};
			name = Deployment;
		};
		911C0CD9094E8A7300EF50E1 /* Default */ = {
			isa = XCBuildConfiguration;
			buildSettings = {
				HEADER_SEARCH_PATHS = (
					"/Users/shad0an/Hero of Allacrost/module_00/src/modes/menu",
					"/Users/shad0an/Hero of Allacrost/module_00/src/engine",
					/usr/local/include,
					"/Users/shad0an/Hero of Allacrost/module_00/src/engine/audio",
					"/Users/shad0an/Hero of Allacrost/module_00/src/engine/video",
					"/Users/shad0an/Hero of Allacrost/module_00/src/engine/modes",
					"/Users/shad0an/Hero of Allacrost/module_00/src/modes/battle",
					"/Users/shad0an/Hero of Allacrost/module_00/src/modes/boot",
					"/Users/shad0an/Hero of Allacrost/module_00/src/modes/map",
				);
			};
			name = Default;
		};
/* End XCBuildConfiguration section */

/* Begin XCConfigurationList section */
		911C0CD2094E8A7300EF50E1 /* Build configuration list for PBXApplicationTarget "Hero Of Allacrost" */ = {
			isa = XCConfigurationList;
			buildConfigurations = (
				911C0CD3094E8A7300EF50E1 /* Development */,
				911C0CD4094E8A7300EF50E1 /* Deployment */,
				911C0CD5094E8A7300EF50E1 /* Default */,
			);
			defaultConfigurationIsVisible = 0;
			defaultConfigurationName = Default;
		};
		911C0CD6094E8A7300EF50E1 /* Build configuration list for PBXProject "Hero Of Allacrost" */ = {
			isa = XCConfigurationList;
			buildConfigurations = (
				911C0CD7094E8A7300EF50E1 /* Development */,
				911C0CD8094E8A7300EF50E1 /* Deployment */,
				911C0CD9094E8A7300EF50E1 /* Default */,
			);
			defaultConfigurationIsVisible = 0;
			defaultConfigurationName = Default;
		};
/* End XCConfigurationList section */
	};
	rootObject = 29B97313FDCFA39411CA2CEA /* Project object */;
}
