// !$*UTF8*$!
{
	archiveVersion = 1;
	classes = {
	};
	objectVersion = 42;
	objects = {

/* Begin PBXBuildFile section */
		4941A4E90AC1D80B00D65B8E /* dat in Resources */ = {isa = PBXBuildFile; fileRef = 4941A4D70AC1D80800D65B8E /* dat */; };
		4941A62D0AC1D83600D65B8E /* img in Resources */ = {isa = PBXBuildFile; fileRef = 4941A4EB0AC1D83500D65B8E /* img */; };
		4941A6340AC1D84600D65B8E /* mus in Resources */ = {isa = PBXBuildFile; fileRef = 4941A62E0AC1D84600D65B8E /* mus */; };
		4941A6450AC1D85800D65B8E /* snd in Resources */ = {isa = PBXBuildFile; fileRef = 4941A6350AC1D85800D65B8E /* snd */; };
		4941A6F10AC1D86400D65B8E /* main.cpp in Sources */ = {isa = PBXBuildFile; fileRef = 4941A68B0AC1D86400D65B8E /* main.cpp */; };
		4941A6F20AC1D86400D65B8E /* main_options.cpp in Sources */ = {isa = PBXBuildFile; fileRef = 4941A68C0AC1D86400D65B8E /* main_options.cpp */; };
		4941A6F40AC1D86400D65B8E /* battle.cpp in Sources */ = {isa = PBXBuildFile; fileRef = 4941A6900AC1D86400D65B8E /* battle.cpp */; };
		4941A6F60AC1D86400D65B8E /* battle_actors.cpp in Sources */ = {isa = PBXBuildFile; fileRef = 4941A6920AC1D86400D65B8E /* battle_actors.cpp */; };
		4941A6F80AC1D86400D65B8E /* boot.cpp in Sources */ = {isa = PBXBuildFile; fileRef = 4941A6950AC1D86400D65B8E /* boot.cpp */; };
		4941A6FA0AC1D86400D65B8E /* boot_credits.cpp in Sources */ = {isa = PBXBuildFile; fileRef = 4941A6970AC1D86400D65B8E /* boot_credits.cpp */; };
		4941A6FC0AC1D86400D65B8E /* boot_menu.cpp in Sources */ = {isa = PBXBuildFile; fileRef = 4941A6990AC1D86400D65B8E /* boot_menu.cpp */; };
		4941A6FE0AC1D86400D65B8E /* map.cpp in Sources */ = {isa = PBXBuildFile; fileRef = 4941A69C0AC1D86400D65B8E /* map.cpp */; };
		4941A7000AC1D86400D65B8E /* map_actions.cpp in Sources */ = {isa = PBXBuildFile; fileRef = 4941A69E0AC1D86400D65B8E /* map_actions.cpp */; };
		4941A7020AC1D86400D65B8E /* map_dialogue.cpp in Sources */ = {isa = PBXBuildFile; fileRef = 4941A6A00AC1D86400D65B8E /* map_dialogue.cpp */; };
		4941A7040AC1D86400D65B8E /* map_objects.cpp in Sources */ = {isa = PBXBuildFile; fileRef = 4941A6A20AC1D86400D65B8E /* map_objects.cpp */; };
		4941A7060AC1D86400D65B8E /* menu.cpp in Sources */ = {isa = PBXBuildFile; fileRef = 4941A6A50AC1D86400D65B8E /* menu.cpp */; };
		4941A7080AC1D86400D65B8E /* menu_views.cpp in Sources */ = {isa = PBXBuildFile; fileRef = 4941A6A70AC1D86400D65B8E /* menu_views.cpp */; };
		4941A70A0AC1D86400D65B8E /* pause.cpp in Sources */ = {isa = PBXBuildFile; fileRef = 4941A6A90AC1D86400D65B8E /* pause.cpp */; };
		4941A70C0AC1D86400D65B8E /* quit.cpp in Sources */ = {isa = PBXBuildFile; fileRef = 4941A6AB0AC1D86400D65B8E /* quit.cpp */; };
		4941A70E0AC1D86400D65B8E /* scene.cpp in Sources */ = {isa = PBXBuildFile; fileRef = 4941A6AD0AC1D86400D65B8E /* scene.cpp */; };
		4941A7100AC1D86400D65B8E /* utils.cpp in Sources */ = {isa = PBXBuildFile; fileRef = 4941A6AF0AC1D86400D65B8E /* utils.cpp */; };
		4941A7140AC1D89300D65B8E /* OpenGL.framework in Frameworks */ = {isa = PBXBuildFile; fileRef = 4941A7130AC1D89300D65B8E /* OpenGL.framework */; };
		4941A71A0AC1D8B300D65B8E /* SDL_mixer.framework in Frameworks */ = {isa = PBXBuildFile; fileRef = 4941A7170AC1D8B300D65B8E /* SDL_mixer.framework */; };
		4941A71B0AC1D8B300D65B8E /* SDL_ttf.framework in Frameworks */ = {isa = PBXBuildFile; fileRef = 4941A7180AC1D8B300D65B8E /* SDL_ttf.framework */; };
		4941A71C0AC1D8B300D65B8E /* SDL.framework in Frameworks */ = {isa = PBXBuildFile; fileRef = 4941A7190AC1D8B300D65B8E /* SDL.framework */; };
		4941A7440AC1D8BA00D65B8E /* SDL_mixer.framework in Copy Frameworks */ = {isa = PBXBuildFile; fileRef = 4941A7170AC1D8B300D65B8E /* SDL_mixer.framework */; };
		4941A7450AC1D8BA00D65B8E /* SDL_ttf.framework in Copy Frameworks */ = {isa = PBXBuildFile; fileRef = 4941A7180AC1D8B300D65B8E /* SDL_ttf.framework */; };
		4941A7460AC1D8BA00D65B8E /* SDL.framework in Copy Frameworks */ = {isa = PBXBuildFile; fileRef = 4941A7190AC1D8B300D65B8E /* SDL.framework */; };
		4941A7520AC1D9A200D65B8E /* mac_logo.icns in Resources */ = {isa = PBXBuildFile; fileRef = 4941A7510AC1D9A200D65B8E /* mac_logo.icns */; };
		4941A7650AC1DCA500D65B8E /* SDLMain.m in Sources */ = {isa = PBXBuildFile; fileRef = 4941A7630AC1DCA500D65B8E /* SDLMain.m */; };
		4941A7680AC1DCE000D65B8E /* Cocoa.framework in Frameworks */ = {isa = PBXBuildFile; fileRef = 4941A7670AC1DCDF00D65B8E /* Cocoa.framework */; };
		4996296A0AF50B1F00B6A328 /* global_skills.cpp in Sources */ = {isa = PBXBuildFile; fileRef = 499629620AF50B1F00B6A328 /* global_skills.cpp */; };
		4996296C0AF50B1F00B6A328 /* global.cpp in Sources */ = {isa = PBXBuildFile; fileRef = 499629640AF50B1F00B6A328 /* global.cpp */; };
		4996296F0AF50B1F00B6A328 /* global_objects.cpp in Sources */ = {isa = PBXBuildFile; fileRef = 499629670AF50B1F00B6A328 /* global_objects.cpp */; };
		499629710AF50B1F00B6A328 /* global_actors.cpp in Sources */ = {isa = PBXBuildFile; fileRef = 499629690AF50B1F00B6A328 /* global_actors.cpp */; };
		4999AC510AF407BE004DD3A3 /* audio.cpp in Sources */ = {isa = PBXBuildFile; fileRef = 4999AC1D0AF407BD004DD3A3 /* audio.cpp */; };
		4999AC520AF407BE004DD3A3 /* audio_music.cpp in Sources */ = {isa = PBXBuildFile; fileRef = 4999AC1E0AF407BD004DD3A3 /* audio_music.cpp */; };
		4999AC550AF407BE004DD3A3 /* audio_sound.cpp in Sources */ = {isa = PBXBuildFile; fileRef = 4999AC210AF407BD004DD3A3 /* audio_sound.cpp */; };
		4999AC560AF407BE004DD3A3 /* video.cpp in Sources */ = {isa = PBXBuildFile; fileRef = 4999AC230AF407BD004DD3A3 /* video.cpp */; };
		4999AC570AF407BE004DD3A3 /* fade.cpp in Sources */ = {isa = PBXBuildFile; fileRef = 4999AC240AF407BD004DD3A3 /* fade.cpp */; };
		4999AC5D0AF407BE004DD3A3 /* particle_system.cpp in Sources */ = {isa = PBXBuildFile; fileRef = 4999AC2A0AF407BD004DD3A3 /* particle_system.cpp */; };
		4999AC5F0AF407BE004DD3A3 /* option.cpp in Sources */ = {isa = PBXBuildFile; fileRef = 4999AC2C0AF407BD004DD3A3 /* option.cpp */; };
		4999AC610AF407BE004DD3A3 /* interpolator.cpp in Sources */ = {isa = PBXBuildFile; fileRef = 4999AC2E0AF407BD004DD3A3 /* interpolator.cpp */; };
		4999AC620AF407BE004DD3A3 /* tex_mgmt.cpp in Sources */ = {isa = PBXBuildFile; fileRef = 4999AC2F0AF407BD004DD3A3 /* tex_mgmt.cpp */; };
		4999AC640AF407BE004DD3A3 /* gui.cpp in Sources */ = {isa = PBXBuildFile; fileRef = 4999AC310AF407BD004DD3A3 /* gui.cpp */; };
		4999AC670AF407BE004DD3A3 /* shake.cpp in Sources */ = {isa = PBXBuildFile; fileRef = 4999AC340AF407BE004DD3A3 /* shake.cpp */; };
		4999AC690AF407BE004DD3A3 /* menu_window.cpp in Sources */ = {isa = PBXBuildFile; fileRef = 4999AC360AF407BE004DD3A3 /* menu_window.cpp */; };
		4999AC6A0AF407BE004DD3A3 /* particle_manager.cpp in Sources */ = {isa = PBXBuildFile; fileRef = 4999AC370AF407BE004DD3A3 /* particle_manager.cpp */; };
		4999AC700AF407BE004DD3A3 /* particle_effect.cpp in Sources */ = {isa = PBXBuildFile; fileRef = 4999AC3D0AF407BE004DD3A3 /* particle_effect.cpp */; };
		4999AC710AF407BE004DD3A3 /* effects.cpp in Sources */ = {isa = PBXBuildFile; fileRef = 4999AC3E0AF407BE004DD3A3 /* effects.cpp */; };
		4999AC720AF407BE004DD3A3 /* image.cpp in Sources */ = {isa = PBXBuildFile; fileRef = 4999AC3F0AF407BE004DD3A3 /* image.cpp */; };
		4999AC740AF407BE004DD3A3 /* text.cpp in Sources */ = {isa = PBXBuildFile; fileRef = 4999AC410AF407BE004DD3A3 /* text.cpp */; };
		4999AC790AF407BE004DD3A3 /* draw.cpp in Sources */ = {isa = PBXBuildFile; fileRef = 4999AC460AF407BE004DD3A3 /* draw.cpp */; };
		4999AC7A0AF407BE004DD3A3 /* textbox.cpp in Sources */ = {isa = PBXBuildFile; fileRef = 4999AC470AF407BE004DD3A3 /* textbox.cpp */; };
		4999AC7B0AF407BE004DD3A3 /* input.cpp in Sources */ = {isa = PBXBuildFile; fileRef = 4999AC480AF407BE004DD3A3 /* input.cpp */; };
		4999AC7C0AF407BE004DD3A3 /* script.cpp in Sources */ = {isa = PBXBuildFile; fileRef = 4999AC490AF407BE004DD3A3 /* script.cpp */; };
		4999AC7D0AF407BE004DD3A3 /* mode_manager.cpp in Sources */ = {isa = PBXBuildFile; fileRef = 4999AC4A0AF407BE004DD3A3 /* mode_manager.cpp */; };
		4999AC810AF407BE004DD3A3 /* system.cpp in Sources */ = {isa = PBXBuildFile; fileRef = 4999AC4E0AF407BE004DD3A3 /* system.cpp */; };
		49BDC4260AF540AE00940A6C /* SDL_net.framework in Frameworks */ = {isa = PBXBuildFile; fileRef = 49BDC4250AF540AE00940A6C /* SDL_net.framework */; };
		49BDC4480AF540E400940A6C /* SDL_net.framework in Copy Frameworks */ = {isa = PBXBuildFile; fileRef = 49BDC4250AF540AE00940A6C /* SDL_net.framework */; };
		49BDC4520AF5412600940A6C /* socket.h in Copy Frameworks */ = {isa = PBXBuildFile; fileRef = 49BDC4500AF5412600940A6C /* socket.h */; };
		49BDC4530AF5412600940A6C /* socket.cpp in Sources */ = {isa = PBXBuildFile; fileRef = 49BDC4510AF5412600940A6C /* socket.cpp */; };
		49DEC4270AD18E9800DC8362 /* Allacrost-Info.plist in Resources */ = {isa = PBXBuildFile; fileRef = 49DEC4260AD18E9800DC8362 /* Allacrost-Info.plist */; };
		D404C6EA0B02FD3E00827A19 /* editor.moc.cpp in Sources */ = {isa = PBXBuildFile; fileRef = D404C6E90B02FD3E00827A19 /* editor.moc.cpp */; };
		D404C6EC0B02FD6D00827A19 /* grid.moc.cpp in Sources */ = {isa = PBXBuildFile; fileRef = D404C6EB0B02FD6D00827A19 /* grid.moc.cpp */; };
		D4D02B720B0656E500772C78 /* SDLMain.m in Sources */ = {isa = PBXBuildFile; fileRef = 4941A7630AC1DCA500D65B8E /* SDLMain.m */; };
		D4D1BA6E0B02B27F0052BF1E /* editor.cpp in Sources */ = {isa = PBXBuildFile; fileRef = D4D1BA650B02B27F0052BF1E /* editor.cpp */; };
		D4D1BA6F0B02B27F0052BF1E /* editor_main.cpp in Sources */ = {isa = PBXBuildFile; fileRef = D4D1BA670B02B27F0052BF1E /* editor_main.cpp */; };
		D4D1BA700B02B27F0052BF1E /* grid.cpp in Sources */ = {isa = PBXBuildFile; fileRef = D4D1BA680B02B27F0052BF1E /* grid.cpp */; };
		D4D1BA710B02B27F0052BF1E /* tile.cpp in Sources */ = {isa = PBXBuildFile; fileRef = D4D1BA6A0B02B27F0052BF1E /* tile.cpp */; };
		D4D1BA720B02B27F0052BF1E /* tileset.cpp in Sources */ = {isa = PBXBuildFile; fileRef = D4D1BA6C0B02B27F0052BF1E /* tileset.cpp */; };
		D4D1BA730B02B3240052BF1E /* utils.cpp in Sources */ = {isa = PBXBuildFile; fileRef = 4941A6AF0AC1D86400D65B8E /* utils.cpp */; };
		D4D1BA740B02B3560052BF1E /* socket.cpp in Sources */ = {isa = PBXBuildFile; fileRef = 49BDC4510AF5412600940A6C /* socket.cpp */; };
		D4D1BA750B02B3610052BF1E /* script.cpp in Sources */ = {isa = PBXBuildFile; fileRef = 4999AC490AF407BE004DD3A3 /* script.cpp */; };
		D4D1BA7B0B02B3AF0052BF1E /* video.cpp in Sources */ = {isa = PBXBuildFile; fileRef = 4999AC230AF407BD004DD3A3 /* video.cpp */; };
		D4D1BA7C0B02B3BA0052BF1E /* textbox.cpp in Sources */ = {isa = PBXBuildFile; fileRef = 4999AC470AF407BE004DD3A3 /* textbox.cpp */; };
		D4D1BA7D0B02B3C20052BF1E /* text.cpp in Sources */ = {isa = PBXBuildFile; fileRef = 4999AC410AF407BE004DD3A3 /* text.cpp */; };
		D4D1BA7E0B02B3C90052BF1E /* tex_mgmt.cpp in Sources */ = {isa = PBXBuildFile; fileRef = 4999AC2F0AF407BD004DD3A3 /* tex_mgmt.cpp */; };
		D4D1BA7F0B02B3D20052BF1E /* shake.cpp in Sources */ = {isa = PBXBuildFile; fileRef = 4999AC340AF407BE004DD3A3 /* shake.cpp */; };
		D4D1BA800B02B3DE0052BF1E /* particle_system.cpp in Sources */ = {isa = PBXBuildFile; fileRef = 4999AC2A0AF407BD004DD3A3 /* particle_system.cpp */; };
		D4D1BA810B02B3E70052BF1E /* particle_manager.cpp in Sources */ = {isa = PBXBuildFile; fileRef = 4999AC370AF407BE004DD3A3 /* particle_manager.cpp */; };
		D4D1BA820B02B3EF0052BF1E /* particle_effect.cpp in Sources */ = {isa = PBXBuildFile; fileRef = 4999AC3D0AF407BE004DD3A3 /* particle_effect.cpp */; };
		D4D1BA830B02B3FA0052BF1E /* option.cpp in Sources */ = {isa = PBXBuildFile; fileRef = 4999AC2C0AF407BD004DD3A3 /* option.cpp */; };
		D4D1BA840B02B4000052BF1E /* menu_window.cpp in Sources */ = {isa = PBXBuildFile; fileRef = 4999AC360AF407BE004DD3A3 /* menu_window.cpp */; };
		D4D1BA850B02B4040052BF1E /* interpolator.cpp in Sources */ = {isa = PBXBuildFile; fileRef = 4999AC2E0AF407BD004DD3A3 /* interpolator.cpp */; };
		D4D1BA860B02B4070052BF1E /* image.cpp in Sources */ = {isa = PBXBuildFile; fileRef = 4999AC3F0AF407BE004DD3A3 /* image.cpp */; };
		D4D1BA870B02B40A0052BF1E /* gui.cpp in Sources */ = {isa = PBXBuildFile; fileRef = 4999AC310AF407BD004DD3A3 /* gui.cpp */; };
		D4D1BA880B02B40D0052BF1E /* fade.cpp in Sources */ = {isa = PBXBuildFile; fileRef = 4999AC240AF407BD004DD3A3 /* fade.cpp */; };
		D4D1BA890B02B4110052BF1E /* effects.cpp in Sources */ = {isa = PBXBuildFile; fileRef = 4999AC3E0AF407BE004DD3A3 /* effects.cpp */; };
		D4D1BA8A0B02B4140052BF1E /* draw.cpp in Sources */ = {isa = PBXBuildFile; fileRef = 4999AC460AF407BE004DD3A3 /* draw.cpp */; };
		D4D1BA8B0B02B4400052BF1E /* Editor-Info.plist in Resources */ = {isa = PBXBuildFile; fileRef = D4D1BA4B0B02B1DB0052BF1E /* Editor-Info.plist */; };
		D4D1BF180B02B5F30052BF1E /* Cocoa.framework in Frameworks */ = {isa = PBXBuildFile; fileRef = 4941A7670AC1DCDF00D65B8E /* Cocoa.framework */; };
		D4D1BF450B02B6510052BF1E /* OpenGL.framework in Frameworks */ = {isa = PBXBuildFile; fileRef = 4941A7130AC1D89300D65B8E /* OpenGL.framework */; };
		D4D1BF650B02BB9F0052BF1E /* SDL.framework in Frameworks */ = {isa = PBXBuildFile; fileRef = 4941A7190AC1D8B300D65B8E /* SDL.framework */; };
		D4D1BF6B0B02BC010052BF1E /* SDL_ttf.framework in Frameworks */ = {isa = PBXBuildFile; fileRef = 4941A7180AC1D8B300D65B8E /* SDL_ttf.framework */; };
		D4D6DB2C0B127DD3002F33F2 /* dat in Resources */ = {isa = PBXBuildFile; fileRef = 4941A4D70AC1D80800D65B8E /* dat */; };
		D4D6DB2D0B127DD3002F33F2 /* img in Resources */ = {isa = PBXBuildFile; fileRef = 4941A4EB0AC1D83500D65B8E /* img */; };
		D4D6DB2E0B127DD3002F33F2 /* mac_logo.icns in Resources */ = {isa = PBXBuildFile; fileRef = 4941A7510AC1D9A200D65B8E /* mac_logo.icns */; };
		D4D6DB2F0B127DD3002F33F2 /* mus in Resources */ = {isa = PBXBuildFile; fileRef = 4941A62E0AC1D84600D65B8E /* mus */; };
		D4D6DB300B127DD3002F33F2 /* snd in Resources */ = {isa = PBXBuildFile; fileRef = 4941A6350AC1D85800D65B8E /* snd */; };
		D4F71AF60B06BAE900361DA9 /* Qt3Support.framework in Frameworks */ = {isa = PBXBuildFile; fileRef = D4F71AF50B06BAE900361DA9 /* Qt3Support.framework */; };
		D4F71C210B06BAFB00361DA9 /* QtCore.framework in Frameworks */ = {isa = PBXBuildFile; fileRef = D4F71C200B06BAFB00361DA9 /* QtCore.framework */; };
		D4F71D530B06BB0800361DA9 /* QtGui.framework in Frameworks */ = {isa = PBXBuildFile; fileRef = D4F71D520B06BB0800361DA9 /* QtGui.framework */; };
		D4F71F5D0B06BB1E00361DA9 /* QtOpenGL.framework in Frameworks */ = {isa = PBXBuildFile; fileRef = D4F71F5C0B06BB1E00361DA9 /* QtOpenGL.framework */; };
		D4F71F960B06BBFB00361DA9 /* SDL.framework in Copy Frameworks */ = {isa = PBXBuildFile; fileRef = 4941A7190AC1D8B300D65B8E /* SDL.framework */; };
		D4F71F970B06BC0E00361DA9 /* SDL_ttf.framework in Copy Frameworks */ = {isa = PBXBuildFile; fileRef = 4941A7180AC1D8B300D65B8E /* SDL_ttf.framework */; };
		D4F71F980B06BC2700361DA9 /* QtOpenGL.framework in Copy Frameworks */ = {isa = PBXBuildFile; fileRef = D4F71F5C0B06BB1E00361DA9 /* QtOpenGL.framework */; };
		D4F71F990B06BC3600361DA9 /* QtGui.framework in Copy Frameworks */ = {isa = PBXBuildFile; fileRef = D4F71D520B06BB0800361DA9 /* QtGui.framework */; };
		D4F71F9A0B06BC4100361DA9 /* QtCore.framework in Copy Frameworks */ = {isa = PBXBuildFile; fileRef = D4F71C200B06BAFB00361DA9 /* QtCore.framework */; };
		D4F71F9B0B06BC7000361DA9 /* Qt3Support.framework in Copy Frameworks */ = {isa = PBXBuildFile; fileRef = D4F71AF50B06BAE900361DA9 /* Qt3Support.framework */; };
		D4F71F9C0B06BC8D00361DA9 /* socket.h in Copy Frameworks */ = {isa = PBXBuildFile; fileRef = 49BDC4500AF5412600940A6C /* socket.h */; };
/* End PBXBuildFile section */

/* Begin PBXCopyFilesBuildPhase section */
		4941A4B70AC1D78600D65B8E /* Copy Frameworks */ = {
			isa = PBXCopyFilesBuildPhase;
			buildActionMask = 2147483647;
			dstPath = "";
			dstSubfolderSpec = 10;
			files = (
				49BDC4480AF540E400940A6C /* SDL_net.framework in Copy Frameworks */,
				4941A7440AC1D8BA00D65B8E /* SDL_mixer.framework in Copy Frameworks */,
				4941A7450AC1D8BA00D65B8E /* SDL_ttf.framework in Copy Frameworks */,
				4941A7460AC1D8BA00D65B8E /* SDL.framework in Copy Frameworks */,
				49BDC4520AF5412600940A6C /* socket.h in Copy Frameworks */,
			);
			name = "Copy Frameworks";
			runOnlyForDeploymentPostprocessing = 0;
		};
		D4D1BF460B02B69A0052BF1E /* Copy Frameworks */ = {
			isa = PBXCopyFilesBuildPhase;
			buildActionMask = 2147483647;
			dstPath = "";
			dstSubfolderSpec = 10;
			files = (
				D4F71F9C0B06BC8D00361DA9 /* socket.h in Copy Frameworks */,
				D4F71F9B0B06BC7000361DA9 /* Qt3Support.framework in Copy Frameworks */,
				D4F71F9A0B06BC4100361DA9 /* QtCore.framework in Copy Frameworks */,
				D4F71F990B06BC3600361DA9 /* QtGui.framework in Copy Frameworks */,
				D4F71F980B06BC2700361DA9 /* QtOpenGL.framework in Copy Frameworks */,
				D4F71F960B06BBFB00361DA9 /* SDL.framework in Copy Frameworks */,
				D4F71F970B06BC0E00361DA9 /* SDL_ttf.framework in Copy Frameworks */,
			);
			name = "Copy Frameworks";
			runOnlyForDeploymentPostprocessing = 0;
		};
/* End PBXCopyFilesBuildPhase section */

/* Begin PBXFileReference section */
		4941A4B00AC1D77500D65B8E /* Allacrost.app */ = {isa = PBXFileReference; explicitFileType = wrapper.application; includeInIndex = 0; path = Allacrost.app; sourceTree = BUILT_PRODUCTS_DIR; };
		4941A4D70AC1D80800D65B8E /* dat */ = {isa = PBXFileReference; lastKnownFileType = folder; path = dat; sourceTree = "<group>"; };
		4941A4EB0AC1D83500D65B8E /* img */ = {isa = PBXFileReference; lastKnownFileType = folder; path = img; sourceTree = "<group>"; };
		4941A62E0AC1D84600D65B8E /* mus */ = {isa = PBXFileReference; lastKnownFileType = folder; path = mus; sourceTree = "<group>"; };
		4941A6350AC1D85800D65B8E /* snd */ = {isa = PBXFileReference; lastKnownFileType = folder; path = snd; sourceTree = "<group>"; };
		4941A6470AC1D86300D65B8E /* defs.h */ = {isa = PBXFileReference; fileEncoding = 30; lastKnownFileType = sourcecode.c.h; path = defs.h; sourceTree = "<group>"; };
		4941A68B0AC1D86400D65B8E /* main.cpp */ = {isa = PBXFileReference; fileEncoding = 30; lastKnownFileType = sourcecode.cpp.cpp; path = main.cpp; sourceTree = "<group>"; };
		4941A68C0AC1D86400D65B8E /* main_options.cpp */ = {isa = PBXFileReference; fileEncoding = 30; lastKnownFileType = sourcecode.cpp.cpp; path = main_options.cpp; sourceTree = "<group>"; };
		4941A68D0AC1D86400D65B8E /* main_options.h */ = {isa = PBXFileReference; fileEncoding = 30; lastKnownFileType = sourcecode.c.h; path = main_options.h; sourceTree = "<group>"; };
		4941A6900AC1D86400D65B8E /* battle.cpp */ = {isa = PBXFileReference; fileEncoding = 30; lastKnownFileType = sourcecode.cpp.cpp; path = battle.cpp; sourceTree = "<group>"; };
		4941A6910AC1D86400D65B8E /* battle.h */ = {isa = PBXFileReference; fileEncoding = 30; lastKnownFileType = sourcecode.c.h; path = battle.h; sourceTree = "<group>"; };
		4941A6920AC1D86400D65B8E /* battle_actors.cpp */ = {isa = PBXFileReference; fileEncoding = 30; lastKnownFileType = sourcecode.cpp.cpp; path = battle_actors.cpp; sourceTree = "<group>"; };
		4941A6930AC1D86400D65B8E /* battle_actors.h */ = {isa = PBXFileReference; fileEncoding = 30; lastKnownFileType = sourcecode.c.h; path = battle_actors.h; sourceTree = "<group>"; };
		4941A6950AC1D86400D65B8E /* boot.cpp */ = {isa = PBXFileReference; fileEncoding = 30; lastKnownFileType = sourcecode.cpp.cpp; path = boot.cpp; sourceTree = "<group>"; };
		4941A6960AC1D86400D65B8E /* boot.h */ = {isa = PBXFileReference; fileEncoding = 30; lastKnownFileType = sourcecode.c.h; path = boot.h; sourceTree = "<group>"; };
		4941A6970AC1D86400D65B8E /* boot_credits.cpp */ = {isa = PBXFileReference; fileEncoding = 30; lastKnownFileType = sourcecode.cpp.cpp; path = boot_credits.cpp; sourceTree = "<group>"; };
		4941A6980AC1D86400D65B8E /* boot_credits.h */ = {isa = PBXFileReference; fileEncoding = 30; lastKnownFileType = sourcecode.c.h; path = boot_credits.h; sourceTree = "<group>"; };
		4941A6990AC1D86400D65B8E /* boot_menu.cpp */ = {isa = PBXFileReference; fileEncoding = 30; lastKnownFileType = sourcecode.cpp.cpp; path = boot_menu.cpp; sourceTree = "<group>"; };
		4941A69A0AC1D86400D65B8E /* boot_menu.h */ = {isa = PBXFileReference; fileEncoding = 30; lastKnownFileType = sourcecode.c.h; path = boot_menu.h; sourceTree = "<group>"; };
		4941A69C0AC1D86400D65B8E /* map.cpp */ = {isa = PBXFileReference; fileEncoding = 30; lastKnownFileType = sourcecode.cpp.cpp; path = map.cpp; sourceTree = "<group>"; };
		4941A69D0AC1D86400D65B8E /* map.h */ = {isa = PBXFileReference; fileEncoding = 30; lastKnownFileType = sourcecode.c.h; path = map.h; sourceTree = "<group>"; };
		4941A69E0AC1D86400D65B8E /* map_actions.cpp */ = {isa = PBXFileReference; fileEncoding = 30; lastKnownFileType = sourcecode.cpp.cpp; path = map_actions.cpp; sourceTree = "<group>"; };
		4941A69F0AC1D86400D65B8E /* map_actions.h */ = {isa = PBXFileReference; fileEncoding = 30; lastKnownFileType = sourcecode.c.h; path = map_actions.h; sourceTree = "<group>"; };
		4941A6A00AC1D86400D65B8E /* map_dialogue.cpp */ = {isa = PBXFileReference; fileEncoding = 30; lastKnownFileType = sourcecode.cpp.cpp; path = map_dialogue.cpp; sourceTree = "<group>"; };
		4941A6A10AC1D86400D65B8E /* map_dialogue.h */ = {isa = PBXFileReference; fileEncoding = 30; lastKnownFileType = sourcecode.c.h; path = map_dialogue.h; sourceTree = "<group>"; };
		4941A6A20AC1D86400D65B8E /* map_objects.cpp */ = {isa = PBXFileReference; fileEncoding = 30; lastKnownFileType = sourcecode.cpp.cpp; path = map_objects.cpp; sourceTree = "<group>"; };
		4941A6A30AC1D86400D65B8E /* map_objects.h */ = {isa = PBXFileReference; fileEncoding = 30; lastKnownFileType = sourcecode.c.h; path = map_objects.h; sourceTree = "<group>"; };
		4941A6A50AC1D86400D65B8E /* menu.cpp */ = {isa = PBXFileReference; fileEncoding = 30; lastKnownFileType = sourcecode.cpp.cpp; path = menu.cpp; sourceTree = "<group>"; };
		4941A6A60AC1D86400D65B8E /* menu.h */ = {isa = PBXFileReference; fileEncoding = 30; lastKnownFileType = sourcecode.c.h; path = menu.h; sourceTree = "<group>"; };
		4941A6A70AC1D86400D65B8E /* menu_views.cpp */ = {isa = PBXFileReference; fileEncoding = 30; lastKnownFileType = sourcecode.cpp.cpp; path = menu_views.cpp; sourceTree = "<group>"; };
		4941A6A80AC1D86400D65B8E /* menu_views.h */ = {isa = PBXFileReference; fileEncoding = 30; lastKnownFileType = sourcecode.c.h; path = menu_views.h; sourceTree = "<group>"; };
		4941A6A90AC1D86400D65B8E /* pause.cpp */ = {isa = PBXFileReference; fileEncoding = 30; lastKnownFileType = sourcecode.cpp.cpp; path = pause.cpp; sourceTree = "<group>"; };
		4941A6AA0AC1D86400D65B8E /* pause.h */ = {isa = PBXFileReference; fileEncoding = 30; lastKnownFileType = sourcecode.c.h; path = pause.h; sourceTree = "<group>"; };
		4941A6AB0AC1D86400D65B8E /* quit.cpp */ = {isa = PBXFileReference; fileEncoding = 30; lastKnownFileType = sourcecode.cpp.cpp; path = quit.cpp; sourceTree = "<group>"; };
		4941A6AC0AC1D86400D65B8E /* quit.h */ = {isa = PBXFileReference; fileEncoding = 30; lastKnownFileType = sourcecode.c.h; path = quit.h; sourceTree = "<group>"; };
		4941A6AD0AC1D86400D65B8E /* scene.cpp */ = {isa = PBXFileReference; fileEncoding = 30; lastKnownFileType = sourcecode.cpp.cpp; path = scene.cpp; sourceTree = "<group>"; };
		4941A6AE0AC1D86400D65B8E /* scene.h */ = {isa = PBXFileReference; fileEncoding = 30; lastKnownFileType = sourcecode.c.h; path = scene.h; sourceTree = "<group>"; };
		4941A6AF0AC1D86400D65B8E /* utils.cpp */ = {isa = PBXFileReference; fileEncoding = 30; lastKnownFileType = sourcecode.cpp.cpp; path = utils.cpp; sourceTree = "<group>"; };
		4941A6B00AC1D86400D65B8E /* utils.h */ = {isa = PBXFileReference; fileEncoding = 30; lastKnownFileType = sourcecode.c.h; path = utils.h; sourceTree = "<group>"; };
		4941A7130AC1D89300D65B8E /* OpenGL.framework */ = {isa = PBXFileReference; lastKnownFileType = wrapper.framework; name = OpenGL.framework; path = /System/Library/Frameworks/OpenGL.framework; sourceTree = "<absolute>"; };
		4941A7170AC1D8B300D65B8E /* SDL_mixer.framework */ = {isa = PBXFileReference; lastKnownFileType = wrapper.framework; name = SDL_mixer.framework; path = /Library/Frameworks/SDL_mixer.framework; sourceTree = "<absolute>"; };
		4941A7180AC1D8B300D65B8E /* SDL_ttf.framework */ = {isa = PBXFileReference; lastKnownFileType = wrapper.framework; name = SDL_ttf.framework; path = /Library/Frameworks/SDL_ttf.framework; sourceTree = "<absolute>"; };
		4941A7190AC1D8B300D65B8E /* SDL.framework */ = {isa = PBXFileReference; lastKnownFileType = wrapper.framework; name = SDL.framework; path = /Library/Frameworks/SDL.framework; sourceTree = "<absolute>"; };
		4941A7510AC1D9A200D65B8E /* mac_logo.icns */ = {isa = PBXFileReference; lastKnownFileType = image.icns; name = mac_logo.icns; path = img/logos/mac_logo.icns; sourceTree = "<group>"; };
		4941A7620AC1DCA500D65B8E /* SDLMain.h */ = {isa = PBXFileReference; fileEncoding = 30; lastKnownFileType = sourcecode.c.h; name = SDLMain.h; path = src/SDLMain.h; sourceTree = "<group>"; };
		4941A7630AC1DCA500D65B8E /* SDLMain.m */ = {isa = PBXFileReference; fileEncoding = 30; lastKnownFileType = sourcecode.c.objc; name = SDLMain.m; path = src/SDLMain.m; sourceTree = "<group>"; };
		4941A7670AC1DCDF00D65B8E /* Cocoa.framework */ = {isa = PBXFileReference; lastKnownFileType = wrapper.framework; name = Cocoa.framework; path = /System/Library/Frameworks/Cocoa.framework; sourceTree = "<absolute>"; };
		499629620AF50B1F00B6A328 /* global_skills.cpp */ = {isa = PBXFileReference; fileEncoding = 30; lastKnownFileType = sourcecode.cpp.cpp; path = global_skills.cpp; sourceTree = "<group>"; };
		499629630AF50B1F00B6A328 /* global_objects.h */ = {isa = PBXFileReference; fileEncoding = 30; lastKnownFileType = sourcecode.c.h; path = global_objects.h; sourceTree = "<group>"; };
		499629640AF50B1F00B6A328 /* global.cpp */ = {isa = PBXFileReference; fileEncoding = 30; lastKnownFileType = sourcecode.cpp.cpp; path = global.cpp; sourceTree = "<group>"; };
		499629650AF50B1F00B6A328 /* global_actors.h */ = {isa = PBXFileReference; fileEncoding = 30; lastKnownFileType = sourcecode.c.h; path = global_actors.h; sourceTree = "<group>"; };
		499629660AF50B1F00B6A328 /* global.h */ = {isa = PBXFileReference; fileEncoding = 30; lastKnownFileType = sourcecode.c.h; path = global.h; sourceTree = "<group>"; };
		499629670AF50B1F00B6A328 /* global_objects.cpp */ = {isa = PBXFileReference; fileEncoding = 30; lastKnownFileType = sourcecode.cpp.cpp; path = global_objects.cpp; sourceTree = "<group>"; };
		499629680AF50B1F00B6A328 /* global_skills.h */ = {isa = PBXFileReference; fileEncoding = 30; lastKnownFileType = sourcecode.c.h; path = global_skills.h; sourceTree = "<group>"; };
		499629690AF50B1F00B6A328 /* global_actors.cpp */ = {isa = PBXFileReference; fileEncoding = 30; lastKnownFileType = sourcecode.cpp.cpp; path = global_actors.cpp; sourceTree = "<group>"; };
		4999AC1C0AF407BD004DD3A3 /* audio_sound.h */ = {isa = PBXFileReference; fileEncoding = 30; lastKnownFileType = sourcecode.c.h; path = audio_sound.h; sourceTree = "<group>"; };
		4999AC1D0AF407BD004DD3A3 /* audio.cpp */ = {isa = PBXFileReference; fileEncoding = 30; lastKnownFileType = sourcecode.cpp.cpp; path = audio.cpp; sourceTree = "<group>"; };
		4999AC1E0AF407BD004DD3A3 /* audio_music.cpp */ = {isa = PBXFileReference; fileEncoding = 30; lastKnownFileType = sourcecode.cpp.cpp; path = audio_music.cpp; sourceTree = "<group>"; };
		4999AC1F0AF407BD004DD3A3 /* audio.h */ = {isa = PBXFileReference; fileEncoding = 30; lastKnownFileType = sourcecode.c.h; path = audio.h; sourceTree = "<group>"; };
		4999AC200AF407BD004DD3A3 /* audio_music.h */ = {isa = PBXFileReference; fileEncoding = 30; lastKnownFileType = sourcecode.c.h; path = audio_music.h; sourceTree = "<group>"; };
		4999AC210AF407BD004DD3A3 /* audio_sound.cpp */ = {isa = PBXFileReference; fileEncoding = 30; lastKnownFileType = sourcecode.cpp.cpp; path = audio_sound.cpp; sourceTree = "<group>"; };
		4999AC230AF407BD004DD3A3 /* video.cpp */ = {isa = PBXFileReference; fileEncoding = 30; lastKnownFileType = sourcecode.cpp.cpp; path = video.cpp; sourceTree = "<group>"; };
		4999AC240AF407BD004DD3A3 /* fade.cpp */ = {isa = PBXFileReference; fileEncoding = 30; lastKnownFileType = sourcecode.cpp.cpp; path = fade.cpp; sourceTree = "<group>"; };
		4999AC250AF407BD004DD3A3 /* shake.h */ = {isa = PBXFileReference; fileEncoding = 30; lastKnownFileType = sourcecode.c.h; path = shake.h; sourceTree = "<group>"; };
		4999AC260AF407BD004DD3A3 /* particle_emitter.h */ = {isa = PBXFileReference; fileEncoding = 30; lastKnownFileType = sourcecode.c.h; path = particle_emitter.h; sourceTree = "<group>"; };
		4999AC270AF407BD004DD3A3 /* menu_window.h */ = {isa = PBXFileReference; fileEncoding = 30; lastKnownFileType = sourcecode.c.h; path = menu_window.h; sourceTree = "<group>"; };
		4999AC280AF407BD004DD3A3 /* screen_rect.h */ = {isa = PBXFileReference; fileEncoding = 30; lastKnownFileType = sourcecode.c.h; path = screen_rect.h; sourceTree = "<group>"; };
		4999AC290AF407BD004DD3A3 /* particle_manager.h */ = {isa = PBXFileReference; fileEncoding = 30; lastKnownFileType = sourcecode.c.h; path = particle_manager.h; sourceTree = "<group>"; };
		4999AC2A0AF407BD004DD3A3 /* particle_system.cpp */ = {isa = PBXFileReference; fileEncoding = 30; lastKnownFileType = sourcecode.cpp.cpp; path = particle_system.cpp; sourceTree = "<group>"; };
		4999AC2B0AF407BD004DD3A3 /* particle.h */ = {isa = PBXFileReference; fileEncoding = 30; lastKnownFileType = sourcecode.c.h; path = particle.h; sourceTree = "<group>"; };
		4999AC2C0AF407BD004DD3A3 /* option.cpp */ = {isa = PBXFileReference; fileEncoding = 30; lastKnownFileType = sourcecode.cpp.cpp; path = option.cpp; sourceTree = "<group>"; };
		4999AC2D0AF407BD004DD3A3 /* coord_sys.h */ = {isa = PBXFileReference; fileEncoding = 30; lastKnownFileType = sourcecode.c.h; path = coord_sys.h; sourceTree = "<group>"; };
		4999AC2E0AF407BD004DD3A3 /* interpolator.cpp */ = {isa = PBXFileReference; fileEncoding = 30; lastKnownFileType = sourcecode.cpp.cpp; path = interpolator.cpp; sourceTree = "<group>"; };
		4999AC2F0AF407BD004DD3A3 /* tex_mgmt.cpp */ = {isa = PBXFileReference; fileEncoding = 30; lastKnownFileType = sourcecode.cpp.cpp; path = tex_mgmt.cpp; sourceTree = "<group>"; };
		4999AC300AF407BD004DD3A3 /* particle_effect.h */ = {isa = PBXFileReference; fileEncoding = 30; lastKnownFileType = sourcecode.c.h; path = particle_effect.h; sourceTree = "<group>"; };
		4999AC310AF407BD004DD3A3 /* gui.cpp */ = {isa = PBXFileReference; fileEncoding = 30; lastKnownFileType = sourcecode.cpp.cpp; path = gui.cpp; sourceTree = "<group>"; };
		4999AC320AF407BD004DD3A3 /* image.h */ = {isa = PBXFileReference; fileEncoding = 30; lastKnownFileType = sourcecode.c.h; path = image.h; sourceTree = "<group>"; };
		4999AC330AF407BD004DD3A3 /* text.h */ = {isa = PBXFileReference; fileEncoding = 30; lastKnownFileType = sourcecode.c.h; path = text.h; sourceTree = "<group>"; };
		4999AC340AF407BE004DD3A3 /* shake.cpp */ = {isa = PBXFileReference; fileEncoding = 30; lastKnownFileType = sourcecode.cpp.cpp; path = shake.cpp; sourceTree = "<group>"; };
		4999AC350AF407BE004DD3A3 /* particle_keyframe.h */ = {isa = PBXFileReference; fileEncoding = 30; lastKnownFileType = sourcecode.c.h; path = particle_keyframe.h; sourceTree = "<group>"; };
		4999AC360AF407BE004DD3A3 /* menu_window.cpp */ = {isa = PBXFileReference; fileEncoding = 30; lastKnownFileType = sourcecode.cpp.cpp; path = menu_window.cpp; sourceTree = "<group>"; };
		4999AC370AF407BE004DD3A3 /* particle_manager.cpp */ = {isa = PBXFileReference; fileEncoding = 30; lastKnownFileType = sourcecode.cpp.cpp; path = particle_manager.cpp; sourceTree = "<group>"; };
		4999AC380AF407BE004DD3A3 /* textbox.h */ = {isa = PBXFileReference; fileEncoding = 30; lastKnownFileType = sourcecode.c.h; path = textbox.h; sourceTree = "<group>"; };
		4999AC390AF407BE004DD3A3 /* fade.h */ = {isa = PBXFileReference; fileEncoding = 30; lastKnownFileType = sourcecode.c.h; path = fade.h; sourceTree = "<group>"; };
		4999AC3A0AF407BE004DD3A3 /* video.h */ = {isa = PBXFileReference; fileEncoding = 30; lastKnownFileType = sourcecode.c.h; path = video.h; sourceTree = "<group>"; };
		4999AC3B0AF407BE004DD3A3 /* particle_system.h */ = {isa = PBXFileReference; fileEncoding = 30; lastKnownFileType = sourcecode.c.h; path = particle_system.h; sourceTree = "<group>"; };
		4999AC3C0AF407BE004DD3A3 /* option.h */ = {isa = PBXFileReference; fileEncoding = 30; lastKnownFileType = sourcecode.c.h; path = option.h; sourceTree = "<group>"; };
		4999AC3D0AF407BE004DD3A3 /* particle_effect.cpp */ = {isa = PBXFileReference; fileEncoding = 30; lastKnownFileType = sourcecode.cpp.cpp; path = particle_effect.cpp; sourceTree = "<group>"; };
		4999AC3E0AF407BE004DD3A3 /* effects.cpp */ = {isa = PBXFileReference; fileEncoding = 30; lastKnownFileType = sourcecode.cpp.cpp; path = effects.cpp; sourceTree = "<group>"; };
		4999AC3F0AF407BE004DD3A3 /* image.cpp */ = {isa = PBXFileReference; fileEncoding = 30; lastKnownFileType = sourcecode.cpp.cpp; path = image.cpp; sourceTree = "<group>"; };
		4999AC400AF407BE004DD3A3 /* color.h */ = {isa = PBXFileReference; fileEncoding = 30; lastKnownFileType = sourcecode.c.h; path = color.h; sourceTree = "<group>"; };
		4999AC410AF407BE004DD3A3 /* text.cpp */ = {isa = PBXFileReference; fileEncoding = 30; lastKnownFileType = sourcecode.cpp.cpp; path = text.cpp; sourceTree = "<group>"; };
		4999AC420AF407BE004DD3A3 /* interpolator.h */ = {isa = PBXFileReference; fileEncoding = 30; lastKnownFileType = sourcecode.c.h; path = interpolator.h; sourceTree = "<group>"; };
		4999AC430AF407BE004DD3A3 /* tex_mgmt.h */ = {isa = PBXFileReference; fileEncoding = 30; lastKnownFileType = sourcecode.c.h; path = tex_mgmt.h; sourceTree = "<group>"; };
		4999AC440AF407BE004DD3A3 /* context.h */ = {isa = PBXFileReference; fileEncoding = 30; lastKnownFileType = sourcecode.c.h; path = context.h; sourceTree = "<group>"; };
		4999AC450AF407BE004DD3A3 /* gui.h */ = {isa = PBXFileReference; fileEncoding = 30; lastKnownFileType = sourcecode.c.h; path = gui.h; sourceTree = "<group>"; };
		4999AC460AF407BE004DD3A3 /* draw.cpp */ = {isa = PBXFileReference; fileEncoding = 30; lastKnownFileType = sourcecode.cpp.cpp; path = draw.cpp; sourceTree = "<group>"; };
		4999AC470AF407BE004DD3A3 /* textbox.cpp */ = {isa = PBXFileReference; fileEncoding = 30; lastKnownFileType = sourcecode.cpp.cpp; path = textbox.cpp; sourceTree = "<group>"; };
		4999AC480AF407BE004DD3A3 /* input.cpp */ = {isa = PBXFileReference; fileEncoding = 30; lastKnownFileType = sourcecode.cpp.cpp; path = input.cpp; sourceTree = "<group>"; };
		4999AC490AF407BE004DD3A3 /* script.cpp */ = {isa = PBXFileReference; fileEncoding = 30; lastKnownFileType = sourcecode.cpp.cpp; path = script.cpp; sourceTree = "<group>"; };
		4999AC4A0AF407BE004DD3A3 /* mode_manager.cpp */ = {isa = PBXFileReference; fileEncoding = 30; lastKnownFileType = sourcecode.cpp.cpp; path = mode_manager.cpp; sourceTree = "<group>"; };
		4999AC4B0AF407BE004DD3A3 /* script.h */ = {isa = PBXFileReference; fileEncoding = 30; lastKnownFileType = sourcecode.c.h; path = script.h; sourceTree = "<group>"; };
		4999AC4C0AF407BE004DD3A3 /* mode_manager.h */ = {isa = PBXFileReference; fileEncoding = 30; lastKnownFileType = sourcecode.c.h; path = mode_manager.h; sourceTree = "<group>"; };
		4999AC4D0AF407BE004DD3A3 /* input.h */ = {isa = PBXFileReference; fileEncoding = 30; lastKnownFileType = sourcecode.c.h; path = input.h; sourceTree = "<group>"; };
		4999AC4E0AF407BE004DD3A3 /* system.cpp */ = {isa = PBXFileReference; fileEncoding = 30; lastKnownFileType = sourcecode.cpp.cpp; path = system.cpp; sourceTree = "<group>"; };
		4999AC4F0AF407BE004DD3A3 /* system.h */ = {isa = PBXFileReference; fileEncoding = 30; lastKnownFileType = sourcecode.c.h; path = system.h; sourceTree = "<group>"; };
		49BDC4250AF540AE00940A6C /* SDL_net.framework */ = {isa = PBXFileReference; lastKnownFileType = wrapper.framework; name = SDL_net.framework; path = /Library/Frameworks/SDL_net.framework; sourceTree = "<absolute>"; };
		49BDC4500AF5412600940A6C /* socket.h */ = {isa = PBXFileReference; fileEncoding = 4; lastKnownFileType = sourcecode.c.h; path = socket.h; sourceTree = "<group>"; };
		49BDC4510AF5412600940A6C /* socket.cpp */ = {isa = PBXFileReference; fileEncoding = 4; lastKnownFileType = sourcecode.cpp.cpp; path = socket.cpp; sourceTree = "<group>"; };
		49DEC4260AD18E9800DC8362 /* Allacrost-Info.plist */ = {isa = PBXFileReference; fileEncoding = 30; lastKnownFileType = text.xml; path = "Allacrost-Info.plist"; sourceTree = "<group>"; };
		D404C6E90B02FD3E00827A19 /* editor.moc.cpp */ = {isa = PBXFileReference; fileEncoding = 4; lastKnownFileType = sourcecode.cpp.cpp; name = editor.moc.cpp; path = src/editor/editor.moc.cpp; sourceTree = "<group>"; };
		D404C6EB0B02FD6D00827A19 /* grid.moc.cpp */ = {isa = PBXFileReference; fileEncoding = 4; lastKnownFileType = sourcecode.cpp.cpp; name = grid.moc.cpp; path = src/editor/grid.moc.cpp; sourceTree = "<group>"; };
		D4D1BA490B02B1DB0052BF1E /* Editor.app */ = {isa = PBXFileReference; explicitFileType = wrapper.application; includeInIndex = 0; path = Editor.app; sourceTree = BUILT_PRODUCTS_DIR; };
		D4D1BA4B0B02B1DB0052BF1E /* Editor-Info.plist */ = {isa = PBXFileReference; lastKnownFileType = text.xml; path = "Editor-Info.plist"; sourceTree = "<group>"; };
		D4D1BA650B02B27F0052BF1E /* editor.cpp */ = {isa = PBXFileReference; fileEncoding = 30; lastKnownFileType = sourcecode.cpp.cpp; path = editor.cpp; sourceTree = "<group>"; };
		D4D1BA660B02B27F0052BF1E /* editor.h */ = {isa = PBXFileReference; fileEncoding = 30; lastKnownFileType = sourcecode.c.h; path = editor.h; sourceTree = "<group>"; };
		D4D1BA670B02B27F0052BF1E /* editor_main.cpp */ = {isa = PBXFileReference; fileEncoding = 30; lastKnownFileType = sourcecode.cpp.cpp; path = editor_main.cpp; sourceTree = "<group>"; };
		D4D1BA680B02B27F0052BF1E /* grid.cpp */ = {isa = PBXFileReference; fileEncoding = 30; lastKnownFileType = sourcecode.cpp.cpp; path = grid.cpp; sourceTree = "<group>"; };
		D4D1BA690B02B27F0052BF1E /* grid.h */ = {isa = PBXFileReference; fileEncoding = 30; lastKnownFileType = sourcecode.c.h; path = grid.h; sourceTree = "<group>"; };
		D4D1BA6A0B02B27F0052BF1E /* tile.cpp */ = {isa = PBXFileReference; fileEncoding = 30; lastKnownFileType = sourcecode.cpp.cpp; path = tile.cpp; sourceTree = "<group>"; };
		D4D1BA6B0B02B27F0052BF1E /* tile.h */ = {isa = PBXFileReference; fileEncoding = 30; lastKnownFileType = sourcecode.c.h; path = tile.h; sourceTree = "<group>"; };
		D4D1BA6C0B02B27F0052BF1E /* tileset.cpp */ = {isa = PBXFileReference; fileEncoding = 30; lastKnownFileType = sourcecode.cpp.cpp; path = tileset.cpp; sourceTree = "<group>"; };
		D4D1BA6D0B02B27F0052BF1E /* tileset.h */ = {isa = PBXFileReference; fileEncoding = 30; lastKnownFileType = sourcecode.c.h; path = tileset.h; sourceTree = "<group>"; };
		D4F71AF50B06BAE900361DA9 /* Qt3Support.framework */ = {isa = PBXFileReference; lastKnownFileType = wrapper.framework; name = Qt3Support.framework; path = "/usr/local/Trolltech/Qt-4.2.0/lib/Qt3Support.framework"; sourceTree = "<absolute>"; };
		D4F71C200B06BAFB00361DA9 /* QtCore.framework */ = {isa = PBXFileReference; lastKnownFileType = wrapper.framework; name = QtCore.framework; path = "/usr/local/Trolltech/Qt-4.2.0/lib/QtCore.framework"; sourceTree = "<absolute>"; };
		D4F71D520B06BB0800361DA9 /* QtGui.framework */ = {isa = PBXFileReference; lastKnownFileType = wrapper.framework; name = QtGui.framework; path = "/usr/local/Trolltech/Qt-4.2.0/lib/QtGui.framework"; sourceTree = "<absolute>"; };
		D4F71F5C0B06BB1E00361DA9 /* QtOpenGL.framework */ = {isa = PBXFileReference; lastKnownFileType = wrapper.framework; name = QtOpenGL.framework; path = "/usr/local/Trolltech/Qt-4.2.0/lib/QtOpenGL.framework"; sourceTree = "<absolute>"; };
/* End PBXFileReference section */

/* Begin PBXFrameworksBuildPhase section */
		4941A4AE0AC1D77500D65B8E /* Frameworks */ = {
			isa = PBXFrameworksBuildPhase;
			buildActionMask = 2147483647;
			files = (
				4941A7680AC1DCE000D65B8E /* Cocoa.framework in Frameworks */,
				4941A7140AC1D89300D65B8E /* OpenGL.framework in Frameworks */,
				4941A71A0AC1D8B300D65B8E /* SDL_mixer.framework in Frameworks */,
				4941A71B0AC1D8B300D65B8E /* SDL_ttf.framework in Frameworks */,
				49BDC4260AF540AE00940A6C /* SDL_net.framework in Frameworks */,
				4941A71C0AC1D8B300D65B8E /* SDL.framework in Frameworks */,
			);
			runOnlyForDeploymentPostprocessing = 0;
		};
		D4D1BA470B02B1DB0052BF1E /* Frameworks */ = {
			isa = PBXFrameworksBuildPhase;
			buildActionMask = 2147483647;
			files = (
				D4D1BF450B02B6510052BF1E /* OpenGL.framework in Frameworks */,
				D4D1BF180B02B5F30052BF1E /* Cocoa.framework in Frameworks */,
				D4D1BF650B02BB9F0052BF1E /* SDL.framework in Frameworks */,
				D4D1BF6B0B02BC010052BF1E /* SDL_ttf.framework in Frameworks */,
				D4F71AF60B06BAE900361DA9 /* Qt3Support.framework in Frameworks */,
				D4F71C210B06BAFB00361DA9 /* QtCore.framework in Frameworks */,
				D4F71D530B06BB0800361DA9 /* QtGui.framework in Frameworks */,
				D4F71F5D0B06BB1E00361DA9 /* QtOpenGL.framework in Frameworks */,
			);
			runOnlyForDeploymentPostprocessing = 0;
		};
/* End PBXFrameworksBuildPhase section */

/* Begin PBXGroup section */
		4941A49F0AC1D76400D65B8E = {
			isa = PBXGroup;
			children = (
				D404C6E80B02FCEC00827A19 /* Temporary Source Files */,
				4941A4BC0AC1D7B300D65B8E /* Source Files */,
				4941A4BD0AC1D7BA00D65B8E /* Resources */,
				4941A4BB0AC1D7AF00D65B8E /* Linkings */,
				4941A4B10AC1D77600D65B8E /* Products */,
			);
			sourceTree = "<group>";
		};
		4941A4B10AC1D77600D65B8E /* Products */ = {
			isa = PBXGroup;
			children = (
				4941A4B00AC1D77500D65B8E /* Allacrost.app */,
				D4D1BA490B02B1DB0052BF1E /* Editor.app */,
			);
			name = Products;
			sourceTree = "<group>";
		};
		4941A4BB0AC1D7AF00D65B8E /* Linkings */ = {
			isa = PBXGroup;
			children = (
				49DEC4260AD18E9800DC8362 /* Allacrost-Info.plist */,
				D4D1BA4B0B02B1DB0052BF1E /* Editor-Info.plist */,
				4941A7120AC1D87200D65B8E /* Frameworks */,
			);
			name = Linkings;
			sourceTree = "<group>";
		};
		4941A4BC0AC1D7B300D65B8E /* Source Files */ = {
			isa = PBXGroup;
			children = (
				4941A7620AC1DCA500D65B8E /* SDLMain.h */,
				4941A7630AC1DCA500D65B8E /* SDLMain.m */,
				4941A6460AC1D86300D65B8E /* src */,
			);
			name = "Source Files";
			sourceTree = "<group>";
		};
		4941A4BD0AC1D7BA00D65B8E /* Resources */ = {
			isa = PBXGroup;
			children = (
				4941A7510AC1D9A200D65B8E /* mac_logo.icns */,
				4941A6350AC1D85800D65B8E /* snd */,
				4941A62E0AC1D84600D65B8E /* mus */,
				4941A4EB0AC1D83500D65B8E /* img */,
				4941A4D70AC1D80800D65B8E /* dat */,
			);
			name = Resources;
			sourceTree = "<group>";
		};
		4941A6460AC1D86300D65B8E /* src */ = {
			isa = PBXGroup;
			children = (
				D4D1BA640B02B27F0052BF1E /* editor */,
				4999AC1A0AF407BD004DD3A3 /* engine */,
				4941A6470AC1D86300D65B8E /* defs.h */,
				499629610AF50B1F00B6A328 /* global */,
				4941A68B0AC1D86400D65B8E /* main.cpp */,
				4941A68C0AC1D86400D65B8E /* main_options.cpp */,
				4941A68D0AC1D86400D65B8E /* main_options.h */,
				4941A68E0AC1D86400D65B8E /* modes */,
				4941A6AF0AC1D86400D65B8E /* utils.cpp */,
				4941A6B00AC1D86400D65B8E /* utils.h */,
			);
			path = src;
			sourceTree = "<group>";
		};
		4941A68E0AC1D86400D65B8E /* modes */ = {
			isa = PBXGroup;
			children = (
				4941A68F0AC1D86400D65B8E /* battle */,
				4941A6940AC1D86400D65B8E /* boot */,
				4941A69B0AC1D86400D65B8E /* map */,
				4941A6A40AC1D86400D65B8E /* menu */,
				4941A6A90AC1D86400D65B8E /* pause.cpp */,
				4941A6AA0AC1D86400D65B8E /* pause.h */,
				4941A6AB0AC1D86400D65B8E /* quit.cpp */,
				4941A6AC0AC1D86400D65B8E /* quit.h */,
				4941A6AD0AC1D86400D65B8E /* scene.cpp */,
				4941A6AE0AC1D86400D65B8E /* scene.h */,
			);
			path = modes;
			sourceTree = "<group>";
		};
		4941A68F0AC1D86400D65B8E /* battle */ = {
			isa = PBXGroup;
			children = (
				4941A6900AC1D86400D65B8E /* battle.cpp */,
				4941A6910AC1D86400D65B8E /* battle.h */,
				4941A6920AC1D86400D65B8E /* battle_actors.cpp */,
				4941A6930AC1D86400D65B8E /* battle_actors.h */,
			);
			path = battle;
			sourceTree = "<group>";
		};
		4941A6940AC1D86400D65B8E /* boot */ = {
			isa = PBXGroup;
			children = (
				4941A6950AC1D86400D65B8E /* boot.cpp */,
				4941A6960AC1D86400D65B8E /* boot.h */,
				4941A6970AC1D86400D65B8E /* boot_credits.cpp */,
				4941A6980AC1D86400D65B8E /* boot_credits.h */,
				4941A6990AC1D86400D65B8E /* boot_menu.cpp */,
				4941A69A0AC1D86400D65B8E /* boot_menu.h */,
			);
			path = boot;
			sourceTree = "<group>";
		};
		4941A69B0AC1D86400D65B8E /* map */ = {
			isa = PBXGroup;
			children = (
				4941A69C0AC1D86400D65B8E /* map.cpp */,
				4941A69D0AC1D86400D65B8E /* map.h */,
				4941A69E0AC1D86400D65B8E /* map_actions.cpp */,
				4941A69F0AC1D86400D65B8E /* map_actions.h */,
				4941A6A00AC1D86400D65B8E /* map_dialogue.cpp */,
				4941A6A10AC1D86400D65B8E /* map_dialogue.h */,
				4941A6A20AC1D86400D65B8E /* map_objects.cpp */,
				4941A6A30AC1D86400D65B8E /* map_objects.h */,
			);
			path = map;
			sourceTree = "<group>";
		};
		4941A6A40AC1D86400D65B8E /* menu */ = {
			isa = PBXGroup;
			children = (
				4941A6A50AC1D86400D65B8E /* menu.cpp */,
				4941A6A60AC1D86400D65B8E /* menu.h */,
				4941A6A70AC1D86400D65B8E /* menu_views.cpp */,
				4941A6A80AC1D86400D65B8E /* menu_views.h */,
			);
			path = menu;
			sourceTree = "<group>";
		};
		4941A7120AC1D87200D65B8E /* Frameworks */ = {
			isa = PBXGroup;
			children = (
				4941A7670AC1DCDF00D65B8E /* Cocoa.framework */,
				4941A7130AC1D89300D65B8E /* OpenGL.framework */,
				D4F71AF50B06BAE900361DA9 /* Qt3Support.framework */,
				D4F71C200B06BAFB00361DA9 /* QtCore.framework */,
				D4F71D520B06BB0800361DA9 /* QtGui.framework */,
				D4F71F5C0B06BB1E00361DA9 /* QtOpenGL.framework */,
				49BDC4250AF540AE00940A6C /* SDL_net.framework */,
				4941A7170AC1D8B300D65B8E /* SDL_mixer.framework */,
				4941A7180AC1D8B300D65B8E /* SDL_ttf.framework */,
				4941A7190AC1D8B300D65B8E /* SDL.framework */,
			);
			name = Frameworks;
			sourceTree = "<group>";
		};
		499629610AF50B1F00B6A328 /* global */ = {
			isa = PBXGroup;
			children = (
				499629620AF50B1F00B6A328 /* global_skills.cpp */,
				499629630AF50B1F00B6A328 /* global_objects.h */,
				499629640AF50B1F00B6A328 /* global.cpp */,
				499629650AF50B1F00B6A328 /* global_actors.h */,
				499629660AF50B1F00B6A328 /* global.h */,
				499629670AF50B1F00B6A328 /* global_objects.cpp */,
				499629680AF50B1F00B6A328 /* global_skills.h */,
				499629690AF50B1F00B6A328 /* global_actors.cpp */,
			);
			path = global;
			sourceTree = "<group>";
		};
		4999AC1A0AF407BD004DD3A3 /* engine */ = {
			isa = PBXGroup;
			children = (
				4999AC1B0AF407BD004DD3A3 /* audio */,
				4999AC220AF407BD004DD3A3 /* video */,
				4999AC480AF407BE004DD3A3 /* input.cpp */,
				4999AC490AF407BE004DD3A3 /* script.cpp */,
				4999AC4A0AF407BE004DD3A3 /* mode_manager.cpp */,
				4999AC4B0AF407BE004DD3A3 /* script.h */,
				4999AC4C0AF407BE004DD3A3 /* mode_manager.h */,
				4999AC4D0AF407BE004DD3A3 /* input.h */,
				4999AC4E0AF407BE004DD3A3 /* system.cpp */,
				4999AC4F0AF407BE004DD3A3 /* system.h */,
				49BDC4500AF5412600940A6C /* socket.h */,
				49BDC4510AF5412600940A6C /* socket.cpp */,
			);
			path = engine;
			sourceTree = "<group>";
		};
		4999AC1B0AF407BD004DD3A3 /* audio */ = {
			isa = PBXGroup;
			children = (
				4999AC1C0AF407BD004DD3A3 /* audio_sound.h */,
				4999AC1D0AF407BD004DD3A3 /* audio.cpp */,
				4999AC1E0AF407BD004DD3A3 /* audio_music.cpp */,
				4999AC1F0AF407BD004DD3A3 /* audio.h */,
				4999AC200AF407BD004DD3A3 /* audio_music.h */,
				4999AC210AF407BD004DD3A3 /* audio_sound.cpp */,
			);
			path = audio;
			sourceTree = "<group>";
		};
		4999AC220AF407BD004DD3A3 /* video */ = {
			isa = PBXGroup;
			children = (
				4999AC230AF407BD004DD3A3 /* video.cpp */,
				4999AC240AF407BD004DD3A3 /* fade.cpp */,
				4999AC250AF407BD004DD3A3 /* shake.h */,
				4999AC260AF407BD004DD3A3 /* particle_emitter.h */,
				4999AC270AF407BD004DD3A3 /* menu_window.h */,
				4999AC280AF407BD004DD3A3 /* screen_rect.h */,
				4999AC290AF407BD004DD3A3 /* particle_manager.h */,
				4999AC2A0AF407BD004DD3A3 /* particle_system.cpp */,
				4999AC2B0AF407BD004DD3A3 /* particle.h */,
				4999AC2C0AF407BD004DD3A3 /* option.cpp */,
				4999AC2D0AF407BD004DD3A3 /* coord_sys.h */,
				4999AC2E0AF407BD004DD3A3 /* interpolator.cpp */,
				4999AC2F0AF407BD004DD3A3 /* tex_mgmt.cpp */,
				4999AC300AF407BD004DD3A3 /* particle_effect.h */,
				4999AC310AF407BD004DD3A3 /* gui.cpp */,
				4999AC320AF407BD004DD3A3 /* image.h */,
				4999AC330AF407BD004DD3A3 /* text.h */,
				4999AC340AF407BE004DD3A3 /* shake.cpp */,
				4999AC350AF407BE004DD3A3 /* particle_keyframe.h */,
				4999AC360AF407BE004DD3A3 /* menu_window.cpp */,
				4999AC370AF407BE004DD3A3 /* particle_manager.cpp */,
				4999AC380AF407BE004DD3A3 /* textbox.h */,
				4999AC390AF407BE004DD3A3 /* fade.h */,
				4999AC3A0AF407BE004DD3A3 /* video.h */,
				4999AC3B0AF407BE004DD3A3 /* particle_system.h */,
				4999AC3C0AF407BE004DD3A3 /* option.h */,
				4999AC3D0AF407BE004DD3A3 /* particle_effect.cpp */,
				4999AC3E0AF407BE004DD3A3 /* effects.cpp */,
				4999AC3F0AF407BE004DD3A3 /* image.cpp */,
				4999AC400AF407BE004DD3A3 /* color.h */,
				4999AC410AF407BE004DD3A3 /* text.cpp */,
				4999AC420AF407BE004DD3A3 /* interpolator.h */,
				4999AC430AF407BE004DD3A3 /* tex_mgmt.h */,
				4999AC440AF407BE004DD3A3 /* context.h */,
				4999AC450AF407BE004DD3A3 /* gui.h */,
				4999AC460AF407BE004DD3A3 /* draw.cpp */,
				4999AC470AF407BE004DD3A3 /* textbox.cpp */,
			);
			path = video;
			sourceTree = "<group>";
		};
		D404C6E80B02FCEC00827A19 /* Temporary Source Files */ = {
			isa = PBXGroup;
			children = (
				D404C6E90B02FD3E00827A19 /* editor.moc.cpp */,
				D404C6EB0B02FD6D00827A19 /* grid.moc.cpp */,
			);
			name = "Temporary Source Files";
			sourceTree = "<group>";
		};
		D4D1BA640B02B27F0052BF1E /* editor */ = {
			isa = PBXGroup;
			children = (
				D4D1BA650B02B27F0052BF1E /* editor.cpp */,
				D4D1BA660B02B27F0052BF1E /* editor.h */,
				D4D1BA670B02B27F0052BF1E /* editor_main.cpp */,
				D4D1BA680B02B27F0052BF1E /* grid.cpp */,
				D4D1BA690B02B27F0052BF1E /* grid.h */,
				D4D1BA6A0B02B27F0052BF1E /* tile.cpp */,
				D4D1BA6B0B02B27F0052BF1E /* tile.h */,
				D4D1BA6C0B02B27F0052BF1E /* tileset.cpp */,
				D4D1BA6D0B02B27F0052BF1E /* tileset.h */,
			);
			path = editor;
			sourceTree = "<group>";
		};
/* End PBXGroup section */

/* Begin PBXNativeTarget section */
		4941A4AF0AC1D77500D65B8E /* Allacrost */ = {
			isa = PBXNativeTarget;
			buildConfigurationList = 4941A4B40AC1D77900D65B8E /* Build configuration list for PBXNativeTarget "Allacrost" */;
			buildPhases = (
				4941A4AC0AC1D77500D65B8E /* Resources */,
				4941A4AD0AC1D77500D65B8E /* Sources */,
				4941A4AE0AC1D77500D65B8E /* Frameworks */,
				4941A4B70AC1D78600D65B8E /* Copy Frameworks */,
			);
			buildRules = (
			);
			dependencies = (
			);
			name = Allacrost;
			productName = Allacrost;
			productReference = 4941A4B00AC1D77500D65B8E /* Allacrost.app */;
			productType = "com.apple.product-type.application";
		};
		D4D1BA480B02B1DB0052BF1E /* Editor */ = {
			isa = PBXNativeTarget;
			buildConfigurationList = D4D1BA580B02B1DC0052BF1E /* Build configuration list for PBXNativeTarget "Editor" */;
			buildPhases = (
				D4D1BA450B02B1DB0052BF1E /* Resources */,
				D404C6ED0B03009E00827A19 /* Qt moc preprocessor */,
				D4D1BA460B02B1DB0052BF1E /* Sources */,
				D4D1BA470B02B1DB0052BF1E /* Frameworks */,
				D4D1BF460B02B69A0052BF1E /* Copy Frameworks */,
			);
			buildRules = (
			);
			dependencies = (
			);
			name = Editor;
			productName = Editor;
			productReference = D4D1BA490B02B1DB0052BF1E /* Editor.app */;
			productType = "com.apple.product-type.application";
		};
/* End PBXNativeTarget section */

/* Begin PBXProject section */
		4941A4A10AC1D76400D65B8E /* Project object */ = {
			isa = PBXProject;
			buildConfigurationList = 4941A4A20AC1D76400D65B8E /* Build configuration list for PBXProject "HoA" */;
			hasScannedForEncodings = 0;
			mainGroup = 4941A49F0AC1D76400D65B8E;
			productRefGroup = 4941A4B10AC1D77600D65B8E /* Products */;
			projectDirPath = "";
			targets = (
				4941A4AF0AC1D77500D65B8E /* Allacrost */,
				D4D1BA480B02B1DB0052BF1E /* Editor */,
			);
		};
/* End PBXProject section */

/* Begin PBXResourcesBuildPhase section */
		4941A4AC0AC1D77500D65B8E /* Resources */ = {
			isa = PBXResourcesBuildPhase;
			buildActionMask = 2147483647;
			files = (
				4941A4E90AC1D80B00D65B8E /* dat in Resources */,
				4941A62D0AC1D83600D65B8E /* img in Resources */,
				4941A6340AC1D84600D65B8E /* mus in Resources */,
				4941A6450AC1D85800D65B8E /* snd in Resources */,
				4941A7520AC1D9A200D65B8E /* mac_logo.icns in Resources */,
				49DEC4270AD18E9800DC8362 /* Allacrost-Info.plist in Resources */,
			);
			runOnlyForDeploymentPostprocessing = 0;
		};
		D4D1BA450B02B1DB0052BF1E /* Resources */ = {
			isa = PBXResourcesBuildPhase;
			buildActionMask = 2147483647;
			files = (
				D4D1BA8B0B02B4400052BF1E /* Editor-Info.plist in Resources */,
				D4D6DB2C0B127DD3002F33F2 /* dat in Resources */,
				D4D6DB2D0B127DD3002F33F2 /* img in Resources */,
				D4D6DB2E0B127DD3002F33F2 /* mac_logo.icns in Resources */,
				D4D6DB2F0B127DD3002F33F2 /* mus in Resources */,
				D4D6DB300B127DD3002F33F2 /* snd in Resources */,
			);
			runOnlyForDeploymentPostprocessing = 0;
		};
/* End PBXResourcesBuildPhase section */

/* Begin PBXShellScriptBuildPhase section */
		D404C6ED0B03009E00827A19 /* Qt moc preprocessor */ = {
			isa = PBXShellScriptBuildPhase;
			buildActionMask = 2147483647;
			comments = "Runs Qt's moc preprocessor.";
			files = (
			);
			inputPaths = (
			);
			name = "Qt moc preprocessor";
			outputPaths = (
			);
			runOnlyForDeploymentPostprocessing = 0;
			shellPath = /bin/bash;
			shellScript = "#!/bin/bash\n/usr/local/Trolltech/Qt-4.2.0/bin/moc -o src/editor/editor.moc.cpp src/editor/editor.h\n/usr/local/Trolltech/Qt-4.2.0/bin/moc -o src/editor/grid.moc.cpp src/editor/grid.h";
		};
/* End PBXShellScriptBuildPhase section */

/* Begin PBXSourcesBuildPhase section */
		4941A4AD0AC1D77500D65B8E /* Sources */ = {
			isa = PBXSourcesBuildPhase;
			buildActionMask = 2147483647;
			files = (
				4941A6F10AC1D86400D65B8E /* main.cpp in Sources */,
				4941A6F20AC1D86400D65B8E /* main_options.cpp in Sources */,
				4941A6F40AC1D86400D65B8E /* battle.cpp in Sources */,
				4941A6F60AC1D86400D65B8E /* battle_actors.cpp in Sources */,
				4941A6F80AC1D86400D65B8E /* boot.cpp in Sources */,
				4941A6FA0AC1D86400D65B8E /* boot_credits.cpp in Sources */,
				4941A6FC0AC1D86400D65B8E /* boot_menu.cpp in Sources */,
				4941A6FE0AC1D86400D65B8E /* map.cpp in Sources */,
				4941A7000AC1D86400D65B8E /* map_actions.cpp in Sources */,
				4941A7020AC1D86400D65B8E /* map_dialogue.cpp in Sources */,
				4941A7040AC1D86400D65B8E /* map_objects.cpp in Sources */,
				4941A7060AC1D86400D65B8E /* menu.cpp in Sources */,
				4941A7080AC1D86400D65B8E /* menu_views.cpp in Sources */,
				4941A70A0AC1D86400D65B8E /* pause.cpp in Sources */,
				4941A70C0AC1D86400D65B8E /* quit.cpp in Sources */,
				4941A70E0AC1D86400D65B8E /* scene.cpp in Sources */,
				4941A7100AC1D86400D65B8E /* utils.cpp in Sources */,
				4941A7650AC1DCA500D65B8E /* SDLMain.m in Sources */,
				4999AC510AF407BE004DD3A3 /* audio.cpp in Sources */,
				4999AC520AF407BE004DD3A3 /* audio_music.cpp in Sources */,
				4999AC550AF407BE004DD3A3 /* audio_sound.cpp in Sources */,
				4999AC560AF407BE004DD3A3 /* video.cpp in Sources */,
				4999AC570AF407BE004DD3A3 /* fade.cpp in Sources */,
				4999AC5D0AF407BE004DD3A3 /* particle_system.cpp in Sources */,
				4999AC5F0AF407BE004DD3A3 /* option.cpp in Sources */,
				4999AC610AF407BE004DD3A3 /* interpolator.cpp in Sources */,
				4999AC620AF407BE004DD3A3 /* tex_mgmt.cpp in Sources */,
				4999AC640AF407BE004DD3A3 /* gui.cpp in Sources */,
				4999AC670AF407BE004DD3A3 /* shake.cpp in Sources */,
				4999AC690AF407BE004DD3A3 /* menu_window.cpp in Sources */,
				4999AC6A0AF407BE004DD3A3 /* particle_manager.cpp in Sources */,
				4999AC700AF407BE004DD3A3 /* particle_effect.cpp in Sources */,
				4999AC710AF407BE004DD3A3 /* effects.cpp in Sources */,
				4999AC720AF407BE004DD3A3 /* image.cpp in Sources */,
				4999AC740AF407BE004DD3A3 /* text.cpp in Sources */,
				4999AC790AF407BE004DD3A3 /* draw.cpp in Sources */,
				4999AC7A0AF407BE004DD3A3 /* textbox.cpp in Sources */,
				4999AC7B0AF407BE004DD3A3 /* input.cpp in Sources */,
				4999AC7C0AF407BE004DD3A3 /* script.cpp in Sources */,
				4999AC7D0AF407BE004DD3A3 /* mode_manager.cpp in Sources */,
				4999AC810AF407BE004DD3A3 /* system.cpp in Sources */,
				4996296A0AF50B1F00B6A328 /* global_skills.cpp in Sources */,
				4996296C0AF50B1F00B6A328 /* global.cpp in Sources */,
				4996296F0AF50B1F00B6A328 /* global_objects.cpp in Sources */,
				499629710AF50B1F00B6A328 /* global_actors.cpp in Sources */,
				49BDC4530AF5412600940A6C /* socket.cpp in Sources */,
			);
			runOnlyForDeploymentPostprocessing = 0;
		};
		D4D1BA460B02B1DB0052BF1E /* Sources */ = {
			isa = PBXSourcesBuildPhase;
			buildActionMask = 2147483647;
			files = (
				D4D02B720B0656E500772C78 /* SDLMain.m in Sources */,
				D4D1BA8A0B02B4140052BF1E /* draw.cpp in Sources */,
				D4D1BA6E0B02B27F0052BF1E /* editor.cpp in Sources */,
				D4D1BA6F0B02B27F0052BF1E /* editor_main.cpp in Sources */,
				D4D1BA890B02B4110052BF1E /* effects.cpp in Sources */,
				D4D1BA880B02B40D0052BF1E /* fade.cpp in Sources */,
				D4D1BA700B02B27F0052BF1E /* grid.cpp in Sources */,
				D4D1BA870B02B40A0052BF1E /* gui.cpp in Sources */,
				D4D1BA860B02B4070052BF1E /* image.cpp in Sources */,
				D4D1BA850B02B4040052BF1E /* interpolator.cpp in Sources */,
				D4D1BA840B02B4000052BF1E /* menu_window.cpp in Sources */,
				D4D1BA830B02B3FA0052BF1E /* option.cpp in Sources */,
				D4D1BA820B02B3EF0052BF1E /* particle_effect.cpp in Sources */,
				D4D1BA810B02B3E70052BF1E /* particle_manager.cpp in Sources */,
				D4D1BA800B02B3DE0052BF1E /* particle_system.cpp in Sources */,
				D4D1BA750B02B3610052BF1E /* script.cpp in Sources */,
				D4D1BA7F0B02B3D20052BF1E /* shake.cpp in Sources */,
				D4D1BA740B02B3560052BF1E /* socket.cpp in Sources */,
				D4D1BA7E0B02B3C90052BF1E /* tex_mgmt.cpp in Sources */,
				D4D1BA7D0B02B3C20052BF1E /* text.cpp in Sources */,
				D4D1BA7C0B02B3BA0052BF1E /* textbox.cpp in Sources */,
				D4D1BA710B02B27F0052BF1E /* tile.cpp in Sources */,
				D4D1BA720B02B27F0052BF1E /* tileset.cpp in Sources */,
				D4D1BA7B0B02B3AF0052BF1E /* video.cpp in Sources */,
				D4D1BA730B02B3240052BF1E /* utils.cpp in Sources */,
				D404C6EA0B02FD3E00827A19 /* editor.moc.cpp in Sources */,
				D404C6EC0B02FD6D00827A19 /* grid.moc.cpp in Sources */,
			);
			runOnlyForDeploymentPostprocessing = 0;
		};
/* End PBXSourcesBuildPhase section */

/* Begin XCBuildConfiguration section */
		4941A4A30AC1D76400D65B8E /* Debug */ = {
			isa = XCBuildConfiguration;
			buildSettings = {
				COPY_PHASE_STRIP = NO;
			};
			name = Debug;
		};
		4941A4A40AC1D76400D65B8E /* Release */ = {
			isa = XCBuildConfiguration;
			buildSettings = {
				COPY_PHASE_STRIP = YES;
			};
			name = Release;
		};
		4941A4B50AC1D77900D65B8E /* Debug */ = {
			isa = XCBuildConfiguration;
			buildSettings = {
				ARCHS = i386;
				COPY_PHASE_STRIP = NO;
				GCC_DEBUGGING_SYMBOLS = full;
				GCC_DYNAMIC_NO_PIC = NO;
				GCC_ENABLE_FIX_AND_CONTINUE = YES;
				GCC_GENERATE_DEBUGGING_SYMBOLS = YES;
				GCC_MODEL_TUNING = G5;
				GCC_OPTIMIZATION_LEVEL = 0;
				GCC_PRECOMPILE_PREFIX_HEADER = YES;
				GCC_PREFIX_HEADER = "$(SYSTEM_LIBRARY_DIR)/Frameworks/Carbon.framework/Headers/Carbon.h";
				HEADER_SEARCH_PATHS = (
					/opt/local/include,
					/sw/include,
					src/global,
				);
				INFOPLIST_FILE = "Allacrost-Info.plist";
				INSTALL_PATH = "$(HOME)/Applications";
				LIBRARY_SEARCH_PATHS = (
					/opt/local/lib,
					/sw/lib,
				);
				OTHER_LDFLAGS = (
					"-framework",
					Carbon,
					"-llua",
					"-lpng",
					"-ljpeg",
					"-llualib",
					"-lz",
					"-lluabind",
				);
				PREBINDING = NO;
				PRODUCT_NAME = Allacrost;
				USER_HEADER_SEARCH_PATHS = /Library/Frameworks/SDL.framework/Headers;
				WRAPPER_EXTENSION = app;
				ZERO_LINK = NO;
			};
			name = Debug;
		};
		4941A4B60AC1D77900D65B8E /* Release */ = {
			isa = XCBuildConfiguration;
			buildSettings = {
				COPY_PHASE_STRIP = YES;
				DEAD_CODE_STRIPPING = YES;
				GCC_AUTO_VECTORIZATION = YES;
				GCC_ENABLE_FIX_AND_CONTINUE = NO;
				GCC_GENERATE_DEBUGGING_SYMBOLS = NO;
				GCC_MODEL_TUNING = G5;
				GCC_OPTIMIZATION_LEVEL = 3;
				GCC_PRECOMPILE_PREFIX_HEADER = YES;
				GCC_PREFIX_HEADER = "$(SYSTEM_LIBRARY_DIR)/Frameworks/Carbon.framework/Headers/Carbon.h";
				GCC_THREADSAFE_STATICS = NO;
				HEADER_SEARCH_PATHS = (
					/opt/local/include,
					/sw/include,
					src/global,
				);
				INFOPLIST_FILE = "Allacrost-Info.plist";
				INSTALL_PATH = "$(HOME)/Applications";
				LIBRARY_SEARCH_PATHS = (
					/opt/local/lib,
					/sw/lib,
				);
				ONLY_LINK_ESSENTIAL_SYMBOLS = YES;
				OTHER_LDFLAGS = (
					"-framework",
					Carbon,
					"-llua",
					"-lpng",
					"-ljpeg",
					"-llualib",
					"-lz",
					"-lluabind",
				);
				PREBINDING = NO;
				PRODUCT_NAME = Allacrost;
				STRIP_INSTALLED_PRODUCT = YES;
				USER_HEADER_SEARCH_PATHS = /Library/Frameworks/SDL.framework/Headers;
				WRAPPER_EXTENSION = app;
				ZERO_LINK = NO;
			};
			name = Release;
		};
		D4D1BA590B02B1DC0052BF1E /* Debug */ = {
			isa = XCBuildConfiguration;
			buildSettings = {
				COPY_PHASE_STRIP = NO;
				DEAD_CODE_STRIPPING = NO;
				FRAMEWORK_SEARCH_PATHS = (
					"$(inherited)",
					"$(FRAMEWORK_SEARCH_PATHS_QUOTED_1)",
				);
				FRAMEWORK_SEARCH_PATHS_QUOTED_1 = "\"/usr/local/Trolltech/Qt-4.2.0/lib\"";
				GCC_DYNAMIC_NO_PIC = NO;
				GCC_ENABLE_FIX_AND_CONTINUE = YES;
				GCC_GENERATE_DEBUGGING_SYMBOLS = YES;
				GCC_MODEL_TUNING = G5;
				GCC_OPTIMIZATION_LEVEL = 0;
				GCC_PRECOMPILE_PREFIX_HEADER = YES;
				GCC_PREFIX_HEADER = "$(SYSTEM_LIBRARY_DIR)/Frameworks/Carbon.framework/Headers/Carbon.h";
				HEADER_SEARCH_PATHS = (
					/opt/local/include,
					/sw/include,
				);
				INFOPLIST_FILE = "Editor-Info.plist";
				INSTALL_PATH = "$(HOME)/Applications";
				LIBRARY_SEARCH_PATHS = (
					/opt/local/lib,
					/sw/lib,
				);
				ONLY_LINK_ESSENTIAL_SYMBOLS = NO;
				OTHER_CPLUSPLUSFLAGS = (
					"-DQT_CLEAN_NAMESPACE",
					"-DQT_NO_DEBUG",
					"-DQT_GUI_LIB",
					"-DQT_CORE_LIB",
					"-DQT3_SUPPORT",
					"-DQT_SHARED",
				);
				OTHER_LDFLAGS = (
					"-framework",
					Carbon,
					"-llua",
					"-lpng",
					"-ljpeg",
					"-llualib",
					"-lluabind",
					"-framework",
					SDL_net,
				);
				PREBINDING = NO;
				PRODUCT_NAME = Editor;
				USER_HEADER_SEARCH_PATHS = "/Library/Frameworks/SDL.framework/Headers /usr/local/Trolltech/Qt-4.2.0/lib/Qt3Support.framework/Headers /usr/local/Trolltech/Qt-4.2.0/lib/QtCore.framework/Headers /usr/local/Trolltech/Qt-4.2.0/lib/QtGui.framework/Headers /usr/local/Trolltech/Qt-4.2.0/lib/QtOpenGL.framework/Headers";
				WRAPPER_EXTENSION = app;
				ZERO_LINK = NO;
			};
			name = Debug;
		};
		D4D1BA5A0B02B1DC0052BF1E /* Release */ = {
			isa = XCBuildConfiguration;
			buildSettings = {
				COPY_PHASE_STRIP = YES;
				DEAD_CODE_STRIPPING = NO;
				FRAMEWORK_SEARCH_PATHS = (
					"$(inherited)",
					"$(FRAMEWORK_SEARCH_PATHS_QUOTED_1)",
				);
				FRAMEWORK_SEARCH_PATHS_QUOTED_1 = "\"/usr/local/Trolltech/Qt-4.2.0/lib\"";
				GCC_ENABLE_FIX_AND_CONTINUE = NO;
				GCC_GENERATE_DEBUGGING_SYMBOLS = NO;
				GCC_MODEL_TUNING = G5;
				GCC_PRECOMPILE_PREFIX_HEADER = YES;
				GCC_PREFIX_HEADER = "$(SYSTEM_LIBRARY_DIR)/Frameworks/Carbon.framework/Headers/Carbon.h";
				HEADER_SEARCH_PATHS = (
					/opt/local/include,
					/sw/include,
				);
				INFOPLIST_FILE = "Editor-Info.plist";
				INSTALL_PATH = "$(HOME)/Applications";
				LIBRARY_SEARCH_PATHS = (
					/opt/local/lib,
					/sw/lib,
				);
				ONLY_LINK_ESSENTIAL_SYMBOLS = NO;
				OTHER_CPLUSPLUSFLAGS = (
					"-DQT_CLEAN_NAMESPACE",
					"-DQT_NO_DEBUG",
					"-DQT_GUI_LIB",
					"-DQT_CORE_LIB",
					"-DQT3_SUPPORT",
					"-DQT_SHARED",
				);
				OTHER_LDFLAGS = (
					"-framework",
					Carbon,
					"-llua",
					"-lpng",
					"-ljpeg",
					"-llualib",
					"-lluabind",
					"-framework",
					SDL_net,
				);
				PREBINDING = NO;
				PRODUCT_NAME = Editor;
				USER_HEADER_SEARCH_PATHS = "/Library/Frameworks/SDL.framework/Headers /usr/local/Trolltech/Qt-4.2.0/lib/Qt3Support.framework/Headers /usr/local/Trolltech/Qt-4.2.0/lib/QtCore.framework/Headers /usr/local/Trolltech/Qt-4.2.0/lib/QtGui.framework/Headers /usr/local/Trolltech/Qt-4.2.0/lib/QtOpenGL.framework/Headers";
				WRAPPER_EXTENSION = app;
				ZERO_LINK = NO;
			};
			name = Release;
		};
/* End XCBuildConfiguration section */

/* Begin XCConfigurationList section */
		4941A4A20AC1D76400D65B8E /* Build configuration list for PBXProject "HoA" */ = {
			isa = XCConfigurationList;
			buildConfigurations = (
				4941A4A30AC1D76400D65B8E /* Debug */,
				4941A4A40AC1D76400D65B8E /* Release */,
			);
			defaultConfigurationIsVisible = 0;
			defaultConfigurationName = Release;
		};
		4941A4B40AC1D77900D65B8E /* Build configuration list for PBXNativeTarget "Allacrost" */ = {
			isa = XCConfigurationList;
			buildConfigurations = (
				4941A4B50AC1D77900D65B8E /* Debug */,
				4941A4B60AC1D77900D65B8E /* Release */,
			);
			defaultConfigurationIsVisible = 0;
			defaultConfigurationName = Release;
		};
		D4D1BA580B02B1DC0052BF1E /* Build configuration list for PBXNativeTarget "Editor" */ = {
			isa = XCConfigurationList;
			buildConfigurations = (
				D4D1BA590B02B1DC0052BF1E /* Debug */,
				D4D1BA5A0B02B1DC0052BF1E /* Release */,
			);
			defaultConfigurationIsVisible = 0;
			defaultConfigurationName = Release;
		};
/* End XCConfigurationList section */
	};
	rootObject = 4941A4A10AC1D76400D65B8E /* Project object */;
}
